// !$*UTF8*$!
{
	archiveVersion = 1;
	classes = {
	};
	objectVersion = 51;
	objects = {

/* Begin PBXBuildFile section */
		1B02408D251172210074100A /* ProfileShowModalMainScreenViewModel.swift in Sources */ = {isa = PBXBuildFile; fileRef = 1B02408C251172210074100A /* ProfileShowModalMainScreenViewModel.swift */; };
		1B0C6FD6251827B90087169B /* TopPlayersScreenViewModel.swift in Sources */ = {isa = PBXBuildFile; fileRef = 1B0C6FD5251827B90087169B /* TopPlayersScreenViewModel.swift */; };
		1B15EB4A252E0CD500E36E20 /* AcceptPlayersView.swift in Sources */ = {isa = PBXBuildFile; fileRef = 1B15EB49252E0CD500E36E20 /* AcceptPlayersView.swift */; };
		1B18C2DE25116AFD00551C6D /* HeaderMainScreenViewModel.swift in Sources */ = {isa = PBXBuildFile; fileRef = 1B18C2DD25116AFD00551C6D /* HeaderMainScreenViewModel.swift */; };
		1B18C2E125116D4C00551C6D /* ProfileMainScreenViewModel.swift in Sources */ = {isa = PBXBuildFile; fileRef = 1B18C2E025116D4C00551C6D /* ProfileMainScreenViewModel.swift */; };
		1B28E3FE2511A031007B53A8 /* ListPlayersSecondScreenViewModel.swift in Sources */ = {isa = PBXBuildFile; fileRef = 1B28E3FD2511A030007B53A8 /* ListPlayersSecondScreenViewModel.swift */; };
		1B2A561F252A4BD9005DA4C2 /* MainScreenViewModel.swift in Sources */ = {isa = PBXBuildFile; fileRef = 1B2A561E252A4BD9005DA4C2 /* MainScreenViewModel.swift */; };
		1B2A5626252A52B2005DA4C2 /* EditPhotoViewModel.swift in Sources */ = {isa = PBXBuildFile; fileRef = 1B2A5625252A52B2005DA4C2 /* EditPhotoViewModel.swift */; };
		1B33582E250A8B46007EA9A7 /* JoinTheTeam.swift in Sources */ = {isa = PBXBuildFile; fileRef = 1B33582D250A8B46007EA9A7 /* JoinTheTeam.swift */; };
		1B39446924F85B060008FC40 /* TabViewFooTeam.swift in Sources */ = {isa = PBXBuildFile; fileRef = 1B39446824F85B060008FC40 /* TabViewFooTeam.swift */; };
		1B39446B24F85D250008FC40 /* MainScreenView.swift in Sources */ = {isa = PBXBuildFile; fileRef = 1B39446A24F85D250008FC40 /* MainScreenView.swift */; };
		1B39446E24F9A3470008FC40 /* HeaderMainScreenView.swift in Sources */ = {isa = PBXBuildFile; fileRef = 1B39446D24F9A3470008FC40 /* HeaderMainScreenView.swift */; };
		1B39447024F9A3A00008FC40 /* ProfileMainScreenView.swift in Sources */ = {isa = PBXBuildFile; fileRef = 1B39446F24F9A3A00008FC40 /* ProfileMainScreenView.swift */; };
		1B39447224F9A3E80008FC40 /* InformationsMainScreenView.swift in Sources */ = {isa = PBXBuildFile; fileRef = 1B39447124F9A3E80008FC40 /* InformationsMainScreenView.swift */; };
		1B3BB6D8251FF5FB004340FD /* ImagePicker.swift in Sources */ = {isa = PBXBuildFile; fileRef = 1B3BB6D7251FF5FB004340FD /* ImagePicker.swift */; };
		1B3BB6DB251FF649004340FD /* EditPhotoView.swift in Sources */ = {isa = PBXBuildFile; fileRef = 1B3BB6DA251FF649004340FD /* EditPhotoView.swift */; };
		1B3BB6FA252005CC004340FD /* EditPlayerThree.swift in Sources */ = {isa = PBXBuildFile; fileRef = 1B3BB6F9252005CC004340FD /* EditPlayerThree.swift */; };
		1B3F0C0324F9A50E00FA4F51 /* TeamMainScreenView.swift in Sources */ = {isa = PBXBuildFile; fileRef = 1B3F0C0224F9A50E00FA4F51 /* TeamMainScreenView.swift */; };
		1B4467A6252419B0009E485E /* InWhichTeam.swift in Sources */ = {isa = PBXBuildFile; fileRef = 1B4467A5252419B0009E485E /* InWhichTeam.swift */; };
		1B453AAC2501A28B00DA2DDA /* FirebaseReference.swift in Sources */ = {isa = PBXBuildFile; fileRef = 1B453AAB2501A28B00DA2DDA /* FirebaseReference.swift */; };
		1B453AAE2501A30400DA2DDA /* PlayersListener.swift in Sources */ = {isa = PBXBuildFile; fileRef = 1B453AAD2501A30400DA2DDA /* PlayersListener.swift */; };
		1B453AB02501AA1800DA2DDA /* TeamsListener.swift in Sources */ = {isa = PBXBuildFile; fileRef = 1B453AAF2501AA1800DA2DDA /* TeamsListener.swift */; };
		1B4A3DC72502EAEA000EABD1 /* ListTeamsMainScreenView.swift in Sources */ = {isa = PBXBuildFile; fileRef = 1B4A3DC62502EAEA000EABD1 /* ListTeamsMainScreenView.swift */; };
		1B4A3DCE2502EF6F000EABD1 /* CellCardsWithPlayersMainScreenView.swift in Sources */ = {isa = PBXBuildFile; fileRef = 1B4A3DCD2502EF6F000EABD1 /* CellCardsWithPlayersMainScreenView.swift */; };
		1B4B0EE7250AAE8C00EF701B /* ActionsPlayers.swift in Sources */ = {isa = PBXBuildFile; fileRef = 1B4B0EE6250AAE8C00EF701B /* ActionsPlayers.swift */; };
		1B4B0EE9250AB77F00EF701B /* PlayersID.swift in Sources */ = {isa = PBXBuildFile; fileRef = 1B4B0EE8250AB77F00EF701B /* PlayersID.swift */; };
		1B4BECAC251D3E5A00581FB2 /* WaitingForConfirmationView.swift in Sources */ = {isa = PBXBuildFile; fileRef = 1B4BECAB251D3E5A00581FB2 /* WaitingForConfirmationView.swift */; };
		1B4BECB1251D4A0100581FB2 /* WaitingForConfirmationViewModel.swift in Sources */ = {isa = PBXBuildFile; fileRef = 1B4BECB0251D4A0100581FB2 /* WaitingForConfirmationViewModel.swift */; };
		1B4C2B7C250EC26C0064A029 /* CountPlayersInTeam.swift in Sources */ = {isa = PBXBuildFile; fileRef = 1B4C2B7B250EC26C0064A029 /* CountPlayersInTeam.swift */; };
		1B50E65825066F97009B10C7 /* ProfileShowModalMainScreenView.swift in Sources */ = {isa = PBXBuildFile; fileRef = 1B50E65725066F97009B10C7 /* ProfileShowModalMainScreenView.swift */; };
		1B53957B250ADF1500C8DFD9 /* CurrentUser.swift in Sources */ = {isa = PBXBuildFile; fileRef = 1B53957A250ADF1500C8DFD9 /* CurrentUser.swift */; };
		1B53957D250AE35800C8DFD9 /* EditPlayer.swift in Sources */ = {isa = PBXBuildFile; fileRef = 1B53957C250AE35800C8DFD9 /* EditPlayer.swift */; };
		1B53957F250AE91C00C8DFD9 /* DeletPlayer.swift in Sources */ = {isa = PBXBuildFile; fileRef = 1B53957E250AE91C00C8DFD9 /* DeletPlayer.swift */; };
		1B539581250AE92A00C8DFD9 /* DeletTeam.swift in Sources */ = {isa = PBXBuildFile; fileRef = 1B539580250AE92A00C8DFD9 /* DeletTeam.swift */; };
		1B539583250AEB2400C8DFD9 /* EditTeam.swift in Sources */ = {isa = PBXBuildFile; fileRef = 1B539582250AEB2400C8DFD9 /* EditTeam.swift */; };
		1B539585250AECE300C8DFD9 /* AddPlayer.swift in Sources */ = {isa = PBXBuildFile; fileRef = 1B539584250AECE300C8DFD9 /* AddPlayer.swift */; };
		1B539587250AEF9900C8DFD9 /* AddTeam.swift in Sources */ = {isa = PBXBuildFile; fileRef = 1B539586250AEF9900C8DFD9 /* AddTeam.swift */; };
		1B596F3124EC714C0092770B /* AppDelegate.swift in Sources */ = {isa = PBXBuildFile; fileRef = 1B596F3024EC714C0092770B /* AppDelegate.swift */; };
		1B596F3324EC714C0092770B /* SceneDelegate.swift in Sources */ = {isa = PBXBuildFile; fileRef = 1B596F3224EC714C0092770B /* SceneDelegate.swift */; };
		1B596F3D24EC714E0092770B /* LaunchScreen.storyboard in Resources */ = {isa = PBXBuildFile; fileRef = 1B596F3B24EC714E0092770B /* LaunchScreen.storyboard */; };
		1B596F4B24EC73150092770B /* GoogleService-Info.plist in Resources */ = {isa = PBXBuildFile; fileRef = 1B596F4A24EC73150092770B /* GoogleService-Info.plist */; };
		1B596F6924EC73530092770B /* SignUpViewController.swift in Sources */ = {isa = PBXBuildFile; fileRef = 1B596F4E24EC73530092770B /* SignUpViewController.swift */; };
		1B596F6A24EC73530092770B /* AuthViewController.swift in Sources */ = {isa = PBXBuildFile; fileRef = 1B596F4F24EC73530092770B /* AuthViewController.swift */; };
		1B596F6B24EC73530092770B /* LoginViewController.swift in Sources */ = {isa = PBXBuildFile; fileRef = 1B596F5024EC73530092770B /* LoginViewController.swift */; };
		1B596F6C24EC73530092770B /* CellJoinToTeamView.swift in Sources */ = {isa = PBXBuildFile; fileRef = 1B596F5324EC73530092770B /* CellJoinToTeamView.swift */; };
		1B596F6F24EC73530092770B /* CreateTeamViewController.swift in Sources */ = {isa = PBXBuildFile; fileRef = 1B596F5624EC73530092770B /* CreateTeamViewController.swift */; };
		1B596F7024EC73530092770B /* SetupProfileViewController.swift in Sources */ = {isa = PBXBuildFile; fileRef = 1B596F5724EC73530092770B /* SetupProfileViewController.swift */; };
		1B596F7424EC73530092770B /* TopPlayersScreenView.swift in Sources */ = {isa = PBXBuildFile; fileRef = 1B596F5E24EC73530092770B /* TopPlayersScreenView.swift */; };
		1B596F7524EC73530092770B /* CellTopPlayersFooTeam.swift in Sources */ = {isa = PBXBuildFile; fileRef = 1B596F5F24EC73530092770B /* CellTopPlayersFooTeam.swift */; };
		1B596F7624EC73530092770B /* BoxTopPlayersFooTeam.swift in Sources */ = {isa = PBXBuildFile; fileRef = 1B596F6024EC73530092770B /* BoxTopPlayersFooTeam.swift */; };
		1B596F7724EC73530092770B /* BackgroundFooTeam.swift in Sources */ = {isa = PBXBuildFile; fileRef = 1B596F6124EC73530092770B /* BackgroundFooTeam.swift */; };
		1B596F7824EC73530092770B /* CaruselBodyFooTeam.swift in Sources */ = {isa = PBXBuildFile; fileRef = 1B596F6324EC73530092770B /* CaruselBodyFooTeam.swift */; };
		1B596F7924EC73530092770B /* CellCaruselBodyFooTeam.swift in Sources */ = {isa = PBXBuildFile; fileRef = 1B596F6424EC73530092770B /* CellCaruselBodyFooTeam.swift */; };
		1B596F7A24EC73530092770B /* BoxCaruselBodyFooTeam.swift in Sources */ = {isa = PBXBuildFile; fileRef = 1B596F6524EC73530092770B /* BoxCaruselBodyFooTeam.swift */; };
		1B596F7C24EC73530092770B /* ListPlayersSecondScreenView.swift in Sources */ = {isa = PBXBuildFile; fileRef = 1B596F6824EC73530092770B /* ListPlayersSecondScreenView.swift */; };
		1B596F8024EC73650092770B /* Player.swift in Sources */ = {isa = PBXBuildFile; fileRef = 1B596F7E24EC73650092770B /* Player.swift */; };
		1B596F8124EC73650092770B /* Team.swift in Sources */ = {isa = PBXBuildFile; fileRef = 1B596F7F24EC73650092770B /* Team.swift */; };
		1B596F8C24EC73820092770B /* NetworkWeatherManager.swift in Sources */ = {isa = PBXBuildFile; fileRef = 1B596F8324EC73820092770B /* NetworkWeatherManager.swift */; };
		1B596F8E24EC73820092770B /* Notifications.swift in Sources */ = {isa = PBXBuildFile; fileRef = 1B596F8524EC73820092770B /* Notifications.swift */; };
		1B596F8F24EC73820092770B /* CalendarFooTeam.swift in Sources */ = {isa = PBXBuildFile; fileRef = 1B596F8624EC73820092770B /* CalendarFooTeam.swift */; };
		1B596F9024EC73820092770B /* StorageService.swift in Sources */ = {isa = PBXBuildFile; fileRef = 1B596F8824EC73820092770B /* StorageService.swift */; };
		1B596F9124EC73820092770B /* ListenerService.swift in Sources */ = {isa = PBXBuildFile; fileRef = 1B596F8924EC73820092770B /* ListenerService.swift */; };
		1B596F9224EC73820092770B /* AuthService.swift in Sources */ = {isa = PBXBuildFile; fileRef = 1B596F8A24EC73820092770B /* AuthService.swift */; };
		1B596F9324EC73820092770B /* FirestoreService.swift in Sources */ = {isa = PBXBuildFile; fileRef = 1B596F8B24EC73820092770B /* FirestoreService.swift */; };
		1B596F9824EC739A0092770B /* AuthError.swift in Sources */ = {isa = PBXBuildFile; fileRef = 1B596F9524EC73990092770B /* AuthError.swift */; };
		1B596F9924EC739A0092770B /* UserError.swift in Sources */ = {isa = PBXBuildFile; fileRef = 1B596F9624EC739A0092770B /* UserError.swift */; };
		1B596F9A24EC739A0092770B /* Validators.swift in Sources */ = {isa = PBXBuildFile; fileRef = 1B596F9724EC739A0092770B /* Validators.swift */; };
		1B596F9E24EC73A00092770B /* AuthNavigatingDelegate.swift in Sources */ = {isa = PBXBuildFile; fileRef = 1B596F9C24EC73A00092770B /* AuthNavigatingDelegate.swift */; };
		1B596F9F24EC73A00092770B /* SelfConfiguringCell.swift in Sources */ = {isa = PBXBuildFile; fileRef = 1B596F9D24EC73A00092770B /* SelfConfiguringCell.swift */; };
		1B596FB524EC73A90092770B /* InsertableTextField.swift in Sources */ = {isa = PBXBuildFile; fileRef = 1B596FA124EC73A90092770B /* InsertableTextField.swift */; };
		1B596FB624EC73A90092770B /* StackViewExtension.swift in Sources */ = {isa = PBXBuildFile; fileRef = 1B596FA324EC73A90092770B /* StackViewExtension.swift */; };
		1B596FB724EC73A90092770B /* ViewControllerExtension.swift in Sources */ = {isa = PBXBuildFile; fileRef = 1B596FA424EC73A90092770B /* ViewControllerExtension.swift */; };
		1B596FB824EC73A90092770B /* SegmentedControlExtension.swift in Sources */ = {isa = PBXBuildFile; fileRef = 1B596FA524EC73A90092770B /* SegmentedControlExtension.swift */; };
		1B596FB924EC73A90092770B /* FontExtension.swift in Sources */ = {isa = PBXBuildFile; fileRef = 1B596FA624EC73A90092770B /* FontExtension.swift */; };
		1B596FBA24EC73A90092770B /* ScrollViewExtension.swift in Sources */ = {isa = PBXBuildFile; fileRef = 1B596FA724EC73A90092770B /* ScrollViewExtension.swift */; };
		1B596FBB24EC73A90092770B /* ImageExtension.swift in Sources */ = {isa = PBXBuildFile; fileRef = 1B596FA824EC73A90092770B /* ImageExtension.swift */; };
		1B596FBC24EC73A90092770B /* ButtonExtension.swift in Sources */ = {isa = PBXBuildFile; fileRef = 1B596FA924EC73A90092770B /* ButtonExtension.swift */; };
		1B596FBD24EC73A90092770B /* ViewExtension.swift in Sources */ = {isa = PBXBuildFile; fileRef = 1B596FAA24EC73A90092770B /* ViewExtension.swift */; };
		1B596FBE24EC73A90092770B /* ColorExtension.swift in Sources */ = {isa = PBXBuildFile; fileRef = 1B596FAB24EC73A90092770B /* ColorExtension.swift */; };
		1B596FBF24EC73A90092770B /* ImageViewExtension.swift in Sources */ = {isa = PBXBuildFile; fileRef = 1B596FAC24EC73A90092770B /* ImageViewExtension.swift */; };
		1B596FC024EC73A90092770B /* AplicationExtension.swift in Sources */ = {isa = PBXBuildFile; fileRef = 1B596FAD24EC73A90092770B /* AplicationExtension.swift */; };
		1B596FC124EC73A90092770B /* LabelExtension.swift in Sources */ = {isa = PBXBuildFile; fileRef = 1B596FAE24EC73A90092770B /* LabelExtension.swift */; };
		1B596FC224EC73A90092770B /* CustomeTextField.swift in Sources */ = {isa = PBXBuildFile; fileRef = 1B596FAF24EC73A90092770B /* CustomeTextField.swift */; };
		1B596FC324EC73A90092770B /* AddAvaTeamsView.swift in Sources */ = {isa = PBXBuildFile; fileRef = 1B596FB024EC73A90092770B /* AddAvaTeamsView.swift */; };
		1B596FC424EC73A90092770B /* AddAvaPlayersView.swift in Sources */ = {isa = PBXBuildFile; fileRef = 1B596FB124EC73A90092770B /* AddAvaPlayersView.swift */; };
		1B596FC524EC73A90092770B /* Bundle-Decodable.swift in Sources */ = {isa = PBXBuildFile; fileRef = 1B596FB224EC73A90092770B /* Bundle-Decodable.swift */; };
		1B596FC624EC73A90092770B /* GradientView.swift in Sources */ = {isa = PBXBuildFile; fileRef = 1B596FB324EC73A90092770B /* GradientView.swift */; };
		1B596FC724EC73A90092770B /* ButtonFormView.swift in Sources */ = {isa = PBXBuildFile; fileRef = 1B596FB424EC73A90092770B /* ButtonFormView.swift */; };
		1B596FCA24EC73B20092770B /* Assets.xcassets in Resources */ = {isa = PBXBuildFile; fileRef = 1B596FC924EC73B20092770B /* Assets.xcassets */; };
		1B596FCD24EC73D60092770B /* Constants.swift in Sources */ = {isa = PBXBuildFile; fileRef = 1B596FCC24EC73D60092770B /* Constants.swift */; };
		1B6079AB2518DD74006E6970 /* ListPlayersProfileShowViewModel.swift in Sources */ = {isa = PBXBuildFile; fileRef = 1B6079AA2518DD74006E6970 /* ListPlayersProfileShowViewModel.swift */; };
		1B66458D25190E5C00962B4D /* DeletePlayerFromTeam.swift in Sources */ = {isa = PBXBuildFile; fileRef = 1B66458C25190E5C00962B4D /* DeletePlayerFromTeam.swift */; };
		1B6964B925118D5300CBAC9E /* ListTeamsMainScreenViewModel.swift in Sources */ = {isa = PBXBuildFile; fileRef = 1B6964B825118D5300CBAC9E /* ListTeamsMainScreenViewModel.swift */; };
		1B6B4812251195D900D71729 /* TabViewFooTeamModel.swift in Sources */ = {isa = PBXBuildFile; fileRef = 1B6B4811251195D900D71729 /* TabViewFooTeamModel.swift */; };
		1B6C4955251832BD00B384B7 /* ListPlayersProfileShow.swift in Sources */ = {isa = PBXBuildFile; fileRef = 1B6C4954251832BD00B384B7 /* ListPlayersProfileShow.swift */; };
		1B6C49582518372B00B384B7 /* PlayersProfileEditor.swift in Sources */ = {isa = PBXBuildFile; fileRef = 1B6C49572518372B00B384B7 /* PlayersProfileEditor.swift */; };
		1B6F5BE22518125C000FACD9 /* JoinToTeamViewModel.swift in Sources */ = {isa = PBXBuildFile; fileRef = 1B6F5BE12518125C000FACD9 /* JoinToTeamViewModel.swift */; };
		1B6F5BE72518129C000FACD9 /* CellJoinToTeamViewModel.swift in Sources */ = {isa = PBXBuildFile; fileRef = 1B6F5BE62518129C000FACD9 /* CellJoinToTeamViewModel.swift */; };
		1B77086D250FF327006B1549 /* PopapCard.swift in Sources */ = {isa = PBXBuildFile; fileRef = 1B77086C250FF327006B1549 /* PopapCard.swift */; };
		1B7BF9B024EDF2DF00CDEDB9 /* OutButtonFooTeamMenu.swift in Sources */ = {isa = PBXBuildFile; fileRef = 1B7BF9AF24EDF2DF00CDEDB9 /* OutButtonFooTeamMenu.swift */; };
		1B7BF9B424EDF7C900CDEDB9 /* DividerFooTeamMenu.swift in Sources */ = {isa = PBXBuildFile; fileRef = 1B7BF9B324EDF7C900CDEDB9 /* DividerFooTeamMenu.swift */; };
		1B7F262C25098A5B0053E124 /* JoinToTeamView.swift in Sources */ = {isa = PBXBuildFile; fileRef = 1B7F262B25098A5B0053E124 /* JoinToTeamView.swift */; };
		1B85C933250824C1002C3106 /* ProfileAddPlayerView.swift in Sources */ = {isa = PBXBuildFile; fileRef = 1B85C932250824C1002C3106 /* ProfileAddPlayerView.swift */; };
		1B94F1132523F47E0066F091 /* WaitingPlayers.swift in Sources */ = {isa = PBXBuildFile; fileRef = 1B94F1122523F47E0066F091 /* WaitingPlayers.swift */; };
		1B9B2CF1251020FB00DAF164 /* EditPlayerSimple.swift in Sources */ = {isa = PBXBuildFile; fileRef = 1B9B2CF0251020FB00DAF164 /* EditPlayerSimple.swift */; };
		1BA9509725119B27008269BD /* ProfileAddPlayerViewModel.swift in Sources */ = {isa = PBXBuildFile; fileRef = 1BA9509625119B27008269BD /* ProfileAddPlayerViewModel.swift */; };
		1BAB1DD9250A9CC900BA5DA8 /* AcceptInvitation.swift in Sources */ = {isa = PBXBuildFile; fileRef = 1BAB1DD8250A9CC900BA5DA8 /* AcceptInvitation.swift */; };
		1BB14D9E252138B200B8CFCF /* UIResponder.swift in Sources */ = {isa = PBXBuildFile; fileRef = 1BB14D9D252138B200B8CFCF /* UIResponder.swift */; };
		1BB14DBE252138EF00B8CFCF /* UIViewController.swift in Sources */ = {isa = PBXBuildFile; fileRef = 1BB14DBD252138EF00B8CFCF /* UIViewController.swift */; };
		1BB6D2AB2506FD6300007EAD /* CurrentWeatherDater.swift in Sources */ = {isa = PBXBuildFile; fileRef = 1BB6D2A92506FD6300007EAD /* CurrentWeatherDater.swift */; };
		1BB6D2AC2506FD6300007EAD /* CurrentWeather.swift in Sources */ = {isa = PBXBuildFile; fileRef = 1BB6D2AA2506FD6300007EAD /* CurrentWeather.swift */; };
		1BBDD87B251D60B000517BB3 /* CellCardsWithPlayersMainScreenViewModel.swift in Sources */ = {isa = PBXBuildFile; fileRef = 1BBDD87A251D60B000517BB3 /* CellCardsWithPlayersMainScreenViewModel.swift */; };
		1BBDD87E251D63E700517BB3 /* NumberOfTeams.swift in Sources */ = {isa = PBXBuildFile; fileRef = 1BBDD87D251D63E700517BB3 /* NumberOfTeams.swift */; };
		1BBDD882251D66A500517BB3 /* RatingOfPlayers.swift in Sources */ = {isa = PBXBuildFile; fileRef = 1BBDD881251D66A500517BB3 /* RatingOfPlayers.swift */; };
		1BC080932518F83100FA5908 /* PlayersProfileEditorViewModel.swift in Sources */ = {isa = PBXBuildFile; fileRef = 1BC080922518F83100FA5908 /* PlayersProfileEditorViewModel.swift */; };
		1BC080962518F91600FA5908 /* BufferIDplayer.swift in Sources */ = {isa = PBXBuildFile; fileRef = 1BC080952518F91600FA5908 /* BufferIDplayer.swift */; };
		1BC8B61C250EE34C00FC8B27 /* CurrentTeam.swift in Sources */ = {isa = PBXBuildFile; fileRef = 1BC8B61B250EE34C00FC8B27 /* CurrentTeam.swift */; };
		1BC99DF8251181FE007EE289 /* InformationsMainScreenViewModel.swift in Sources */ = {isa = PBXBuildFile; fileRef = 1BC99DF7251181FE007EE289 /* InformationsMainScreenViewModel.swift */; };
		1BC99DFB25118971007EE289 /* TeamMainScreenViewModel.swift in Sources */ = {isa = PBXBuildFile; fileRef = 1BC99DFA25118971007EE289 /* TeamMainScreenViewModel.swift */; };
		1BCEFFA0251031C300552AB3 /* NoAcceptInvitation.swift in Sources */ = {isa = PBXBuildFile; fileRef = 1BCEFF9F251031C300552AB3 /* NoAcceptInvitation.swift */; };
		1BF32C96251574E100941F44 /* ImagePlayer.swift in Sources */ = {isa = PBXBuildFile; fileRef = 1BF32C95251574E100941F44 /* ImagePlayer.swift */; };
		D02706FBC9D63697342D802C /* Pods_FooTeam.framework in Frameworks */ = {isa = PBXBuildFile; fileRef = EEA697D99BF920C0DACBC30C /* Pods_FooTeam.framework */; };
/* End PBXBuildFile section */

/* Begin PBXFileReference section */
		1B02408C251172210074100A /* ProfileShowModalMainScreenViewModel.swift */ = {isa = PBXFileReference; lastKnownFileType = sourcecode.swift; path = ProfileShowModalMainScreenViewModel.swift; sourceTree = "<group>"; };
		1B0C6FD5251827B90087169B /* TopPlayersScreenViewModel.swift */ = {isa = PBXFileReference; lastKnownFileType = sourcecode.swift; path = TopPlayersScreenViewModel.swift; sourceTree = "<group>"; };
		1B15EB49252E0CD500E36E20 /* AcceptPlayersView.swift */ = {isa = PBXFileReference; lastKnownFileType = sourcecode.swift; path = AcceptPlayersView.swift; sourceTree = "<group>"; };
		1B18C2DD25116AFD00551C6D /* HeaderMainScreenViewModel.swift */ = {isa = PBXFileReference; lastKnownFileType = sourcecode.swift; path = HeaderMainScreenViewModel.swift; sourceTree = "<group>"; };
		1B18C2E025116D4C00551C6D /* ProfileMainScreenViewModel.swift */ = {isa = PBXFileReference; lastKnownFileType = sourcecode.swift; path = ProfileMainScreenViewModel.swift; sourceTree = "<group>"; };
		1B28E3FD2511A030007B53A8 /* ListPlayersSecondScreenViewModel.swift */ = {isa = PBXFileReference; lastKnownFileType = sourcecode.swift; path = ListPlayersSecondScreenViewModel.swift; sourceTree = "<group>"; };
		1B2A561E252A4BD9005DA4C2 /* MainScreenViewModel.swift */ = {isa = PBXFileReference; lastKnownFileType = sourcecode.swift; path = MainScreenViewModel.swift; sourceTree = "<group>"; };
		1B2A5625252A52B2005DA4C2 /* EditPhotoViewModel.swift */ = {isa = PBXFileReference; lastKnownFileType = sourcecode.swift; path = EditPhotoViewModel.swift; sourceTree = "<group>"; };
		1B33582D250A8B46007EA9A7 /* JoinTheTeam.swift */ = {isa = PBXFileReference; lastKnownFileType = sourcecode.swift; path = JoinTheTeam.swift; sourceTree = "<group>"; };
		1B39446824F85B060008FC40 /* TabViewFooTeam.swift */ = {isa = PBXFileReference; lastKnownFileType = sourcecode.swift; path = TabViewFooTeam.swift; sourceTree = "<group>"; };
		1B39446A24F85D250008FC40 /* MainScreenView.swift */ = {isa = PBXFileReference; lastKnownFileType = sourcecode.swift; path = MainScreenView.swift; sourceTree = "<group>"; };
		1B39446D24F9A3470008FC40 /* HeaderMainScreenView.swift */ = {isa = PBXFileReference; lastKnownFileType = sourcecode.swift; path = HeaderMainScreenView.swift; sourceTree = "<group>"; };
		1B39446F24F9A3A00008FC40 /* ProfileMainScreenView.swift */ = {isa = PBXFileReference; lastKnownFileType = sourcecode.swift; path = ProfileMainScreenView.swift; sourceTree = "<group>"; };
		1B39447124F9A3E80008FC40 /* InformationsMainScreenView.swift */ = {isa = PBXFileReference; lastKnownFileType = sourcecode.swift; path = InformationsMainScreenView.swift; sourceTree = "<group>"; };
		1B3957A8252E5F120036DDEC /* FooTeam.entitlements */ = {isa = PBXFileReference; lastKnownFileType = text.plist.entitlements; path = FooTeam.entitlements; sourceTree = "<group>"; };
		1B3BB6D7251FF5FB004340FD /* ImagePicker.swift */ = {isa = PBXFileReference; lastKnownFileType = sourcecode.swift; path = ImagePicker.swift; sourceTree = "<group>"; };
		1B3BB6DA251FF649004340FD /* EditPhotoView.swift */ = {isa = PBXFileReference; lastKnownFileType = sourcecode.swift; path = EditPhotoView.swift; sourceTree = "<group>"; };
		1B3BB6F9252005CC004340FD /* EditPlayerThree.swift */ = {isa = PBXFileReference; lastKnownFileType = sourcecode.swift; path = EditPlayerThree.swift; sourceTree = "<group>"; };
		1B3F0C0224F9A50E00FA4F51 /* TeamMainScreenView.swift */ = {isa = PBXFileReference; lastKnownFileType = sourcecode.swift; path = TeamMainScreenView.swift; sourceTree = "<group>"; };
		1B4467A5252419B0009E485E /* InWhichTeam.swift */ = {isa = PBXFileReference; lastKnownFileType = sourcecode.swift; path = InWhichTeam.swift; sourceTree = "<group>"; };
		1B453AAB2501A28B00DA2DDA /* FirebaseReference.swift */ = {isa = PBXFileReference; lastKnownFileType = sourcecode.swift; path = FirebaseReference.swift; sourceTree = "<group>"; };
		1B453AAD2501A30400DA2DDA /* PlayersListener.swift */ = {isa = PBXFileReference; lastKnownFileType = sourcecode.swift; path = PlayersListener.swift; sourceTree = "<group>"; };
		1B453AAF2501AA1800DA2DDA /* TeamsListener.swift */ = {isa = PBXFileReference; lastKnownFileType = sourcecode.swift; path = TeamsListener.swift; sourceTree = "<group>"; };
		1B4A3DC62502EAEA000EABD1 /* ListTeamsMainScreenView.swift */ = {isa = PBXFileReference; lastKnownFileType = sourcecode.swift; path = ListTeamsMainScreenView.swift; sourceTree = "<group>"; };
		1B4A3DCD2502EF6F000EABD1 /* CellCardsWithPlayersMainScreenView.swift */ = {isa = PBXFileReference; lastKnownFileType = sourcecode.swift; path = CellCardsWithPlayersMainScreenView.swift; sourceTree = "<group>"; };
		1B4B0EE6250AAE8C00EF701B /* ActionsPlayers.swift */ = {isa = PBXFileReference; lastKnownFileType = sourcecode.swift; path = ActionsPlayers.swift; sourceTree = "<group>"; };
		1B4B0EE8250AB77F00EF701B /* PlayersID.swift */ = {isa = PBXFileReference; lastKnownFileType = sourcecode.swift; path = PlayersID.swift; sourceTree = "<group>"; };
		1B4BECAB251D3E5A00581FB2 /* WaitingForConfirmationView.swift */ = {isa = PBXFileReference; lastKnownFileType = sourcecode.swift; path = WaitingForConfirmationView.swift; sourceTree = "<group>"; };
		1B4BECB0251D4A0100581FB2 /* WaitingForConfirmationViewModel.swift */ = {isa = PBXFileReference; lastKnownFileType = sourcecode.swift; path = WaitingForConfirmationViewModel.swift; sourceTree = "<group>"; };
		1B4C2B7B250EC26C0064A029 /* CountPlayersInTeam.swift */ = {isa = PBXFileReference; lastKnownFileType = sourcecode.swift; path = CountPlayersInTeam.swift; sourceTree = "<group>"; };
		1B50E65725066F97009B10C7 /* ProfileShowModalMainScreenView.swift */ = {isa = PBXFileReference; lastKnownFileType = sourcecode.swift; path = ProfileShowModalMainScreenView.swift; sourceTree = "<group>"; };
		1B53957A250ADF1500C8DFD9 /* CurrentUser.swift */ = {isa = PBXFileReference; lastKnownFileType = sourcecode.swift; path = CurrentUser.swift; sourceTree = "<group>"; };
		1B53957C250AE35800C8DFD9 /* EditPlayer.swift */ = {isa = PBXFileReference; lastKnownFileType = sourcecode.swift; path = EditPlayer.swift; sourceTree = "<group>"; };
		1B53957E250AE91C00C8DFD9 /* DeletPlayer.swift */ = {isa = PBXFileReference; lastKnownFileType = sourcecode.swift; path = DeletPlayer.swift; sourceTree = "<group>"; };
		1B539580250AE92A00C8DFD9 /* DeletTeam.swift */ = {isa = PBXFileReference; lastKnownFileType = sourcecode.swift; path = DeletTeam.swift; sourceTree = "<group>"; };
		1B539582250AEB2400C8DFD9 /* EditTeam.swift */ = {isa = PBXFileReference; lastKnownFileType = sourcecode.swift; path = EditTeam.swift; sourceTree = "<group>"; };
		1B539584250AECE300C8DFD9 /* AddPlayer.swift */ = {isa = PBXFileReference; lastKnownFileType = sourcecode.swift; path = AddPlayer.swift; sourceTree = "<group>"; };
		1B539586250AEF9900C8DFD9 /* AddTeam.swift */ = {isa = PBXFileReference; lastKnownFileType = sourcecode.swift; path = AddTeam.swift; sourceTree = "<group>"; };
		1B596F2D24EC714C0092770B /* FooTeam.app */ = {isa = PBXFileReference; explicitFileType = wrapper.application; includeInIndex = 0; path = FooTeam.app; sourceTree = BUILT_PRODUCTS_DIR; };
		1B596F3024EC714C0092770B /* AppDelegate.swift */ = {isa = PBXFileReference; lastKnownFileType = sourcecode.swift; path = AppDelegate.swift; sourceTree = "<group>"; };
		1B596F3224EC714C0092770B /* SceneDelegate.swift */ = {isa = PBXFileReference; lastKnownFileType = sourcecode.swift; path = SceneDelegate.swift; sourceTree = "<group>"; };
		1B596F3C24EC714E0092770B /* Base */ = {isa = PBXFileReference; lastKnownFileType = file.storyboard; name = Base; path = Base.lproj/LaunchScreen.storyboard; sourceTree = "<group>"; };
		1B596F3E24EC714E0092770B /* Info.plist */ = {isa = PBXFileReference; lastKnownFileType = text.plist.xml; path = Info.plist; sourceTree = "<group>"; };
		1B596F4A24EC73150092770B /* GoogleService-Info.plist */ = {isa = PBXFileReference; fileEncoding = 4; lastKnownFileType = text.plist.xml; path = "GoogleService-Info.plist"; sourceTree = "<group>"; };
		1B596F4E24EC73530092770B /* SignUpViewController.swift */ = {isa = PBXFileReference; fileEncoding = 4; lastKnownFileType = sourcecode.swift; path = SignUpViewController.swift; sourceTree = "<group>"; };
		1B596F4F24EC73530092770B /* AuthViewController.swift */ = {isa = PBXFileReference; fileEncoding = 4; lastKnownFileType = sourcecode.swift; path = AuthViewController.swift; sourceTree = "<group>"; };
		1B596F5024EC73530092770B /* LoginViewController.swift */ = {isa = PBXFileReference; fileEncoding = 4; lastKnownFileType = sourcecode.swift; path = LoginViewController.swift; sourceTree = "<group>"; };
		1B596F5324EC73530092770B /* CellJoinToTeamView.swift */ = {isa = PBXFileReference; fileEncoding = 4; lastKnownFileType = sourcecode.swift; path = CellJoinToTeamView.swift; sourceTree = "<group>"; };
		1B596F5624EC73530092770B /* CreateTeamViewController.swift */ = {isa = PBXFileReference; fileEncoding = 4; lastKnownFileType = sourcecode.swift; path = CreateTeamViewController.swift; sourceTree = "<group>"; };
		1B596F5724EC73530092770B /* SetupProfileViewController.swift */ = {isa = PBXFileReference; fileEncoding = 4; lastKnownFileType = sourcecode.swift; path = SetupProfileViewController.swift; sourceTree = "<group>"; };
		1B596F5E24EC73530092770B /* TopPlayersScreenView.swift */ = {isa = PBXFileReference; fileEncoding = 4; lastKnownFileType = sourcecode.swift; path = TopPlayersScreenView.swift; sourceTree = "<group>"; };
		1B596F5F24EC73530092770B /* CellTopPlayersFooTeam.swift */ = {isa = PBXFileReference; fileEncoding = 4; lastKnownFileType = sourcecode.swift; path = CellTopPlayersFooTeam.swift; sourceTree = "<group>"; };
		1B596F6024EC73530092770B /* BoxTopPlayersFooTeam.swift */ = {isa = PBXFileReference; fileEncoding = 4; lastKnownFileType = sourcecode.swift; path = BoxTopPlayersFooTeam.swift; sourceTree = "<group>"; };
		1B596F6124EC73530092770B /* BackgroundFooTeam.swift */ = {isa = PBXFileReference; fileEncoding = 4; lastKnownFileType = sourcecode.swift; path = BackgroundFooTeam.swift; sourceTree = "<group>"; };
		1B596F6324EC73530092770B /* CaruselBodyFooTeam.swift */ = {isa = PBXFileReference; fileEncoding = 4; lastKnownFileType = sourcecode.swift; path = CaruselBodyFooTeam.swift; sourceTree = "<group>"; };
		1B596F6424EC73530092770B /* CellCaruselBodyFooTeam.swift */ = {isa = PBXFileReference; fileEncoding = 4; lastKnownFileType = sourcecode.swift; path = CellCaruselBodyFooTeam.swift; sourceTree = "<group>"; };
		1B596F6524EC73530092770B /* BoxCaruselBodyFooTeam.swift */ = {isa = PBXFileReference; fileEncoding = 4; lastKnownFileType = sourcecode.swift; path = BoxCaruselBodyFooTeam.swift; sourceTree = "<group>"; };
		1B596F6824EC73530092770B /* ListPlayersSecondScreenView.swift */ = {isa = PBXFileReference; fileEncoding = 4; lastKnownFileType = sourcecode.swift; path = ListPlayersSecondScreenView.swift; sourceTree = "<group>"; };
		1B596F7E24EC73650092770B /* Player.swift */ = {isa = PBXFileReference; fileEncoding = 4; lastKnownFileType = sourcecode.swift; path = Player.swift; sourceTree = "<group>"; };
		1B596F7F24EC73650092770B /* Team.swift */ = {isa = PBXFileReference; fileEncoding = 4; lastKnownFileType = sourcecode.swift; path = Team.swift; sourceTree = "<group>"; };
		1B596F8324EC73820092770B /* NetworkWeatherManager.swift */ = {isa = PBXFileReference; fileEncoding = 4; lastKnownFileType = sourcecode.swift; path = NetworkWeatherManager.swift; sourceTree = "<group>"; };
		1B596F8524EC73820092770B /* Notifications.swift */ = {isa = PBXFileReference; fileEncoding = 4; lastKnownFileType = sourcecode.swift; path = Notifications.swift; sourceTree = "<group>"; };
		1B596F8624EC73820092770B /* CalendarFooTeam.swift */ = {isa = PBXFileReference; fileEncoding = 4; lastKnownFileType = sourcecode.swift; path = CalendarFooTeam.swift; sourceTree = "<group>"; };
		1B596F8824EC73820092770B /* StorageService.swift */ = {isa = PBXFileReference; fileEncoding = 4; lastKnownFileType = sourcecode.swift; path = StorageService.swift; sourceTree = "<group>"; };
		1B596F8924EC73820092770B /* ListenerService.swift */ = {isa = PBXFileReference; fileEncoding = 4; lastKnownFileType = sourcecode.swift; path = ListenerService.swift; sourceTree = "<group>"; };
		1B596F8A24EC73820092770B /* AuthService.swift */ = {isa = PBXFileReference; fileEncoding = 4; lastKnownFileType = sourcecode.swift; path = AuthService.swift; sourceTree = "<group>"; };
		1B596F8B24EC73820092770B /* FirestoreService.swift */ = {isa = PBXFileReference; fileEncoding = 4; lastKnownFileType = sourcecode.swift; path = FirestoreService.swift; sourceTree = "<group>"; };
		1B596F9524EC73990092770B /* AuthError.swift */ = {isa = PBXFileReference; fileEncoding = 4; lastKnownFileType = sourcecode.swift; path = AuthError.swift; sourceTree = "<group>"; };
		1B596F9624EC739A0092770B /* UserError.swift */ = {isa = PBXFileReference; fileEncoding = 4; lastKnownFileType = sourcecode.swift; path = UserError.swift; sourceTree = "<group>"; };
		1B596F9724EC739A0092770B /* Validators.swift */ = {isa = PBXFileReference; fileEncoding = 4; lastKnownFileType = sourcecode.swift; path = Validators.swift; sourceTree = "<group>"; };
		1B596F9C24EC73A00092770B /* AuthNavigatingDelegate.swift */ = {isa = PBXFileReference; fileEncoding = 4; lastKnownFileType = sourcecode.swift; path = AuthNavigatingDelegate.swift; sourceTree = "<group>"; };
		1B596F9D24EC73A00092770B /* SelfConfiguringCell.swift */ = {isa = PBXFileReference; fileEncoding = 4; lastKnownFileType = sourcecode.swift; path = SelfConfiguringCell.swift; sourceTree = "<group>"; };
		1B596FA124EC73A90092770B /* InsertableTextField.swift */ = {isa = PBXFileReference; fileEncoding = 4; lastKnownFileType = sourcecode.swift; path = InsertableTextField.swift; sourceTree = "<group>"; };
		1B596FA324EC73A90092770B /* StackViewExtension.swift */ = {isa = PBXFileReference; fileEncoding = 4; lastKnownFileType = sourcecode.swift; path = StackViewExtension.swift; sourceTree = "<group>"; };
		1B596FA424EC73A90092770B /* ViewControllerExtension.swift */ = {isa = PBXFileReference; fileEncoding = 4; lastKnownFileType = sourcecode.swift; path = ViewControllerExtension.swift; sourceTree = "<group>"; };
		1B596FA524EC73A90092770B /* SegmentedControlExtension.swift */ = {isa = PBXFileReference; fileEncoding = 4; lastKnownFileType = sourcecode.swift; path = SegmentedControlExtension.swift; sourceTree = "<group>"; };
		1B596FA624EC73A90092770B /* FontExtension.swift */ = {isa = PBXFileReference; fileEncoding = 4; lastKnownFileType = sourcecode.swift; path = FontExtension.swift; sourceTree = "<group>"; };
		1B596FA724EC73A90092770B /* ScrollViewExtension.swift */ = {isa = PBXFileReference; fileEncoding = 4; lastKnownFileType = sourcecode.swift; path = ScrollViewExtension.swift; sourceTree = "<group>"; };
		1B596FA824EC73A90092770B /* ImageExtension.swift */ = {isa = PBXFileReference; fileEncoding = 4; lastKnownFileType = sourcecode.swift; path = ImageExtension.swift; sourceTree = "<group>"; };
		1B596FA924EC73A90092770B /* ButtonExtension.swift */ = {isa = PBXFileReference; fileEncoding = 4; lastKnownFileType = sourcecode.swift; path = ButtonExtension.swift; sourceTree = "<group>"; };
		1B596FAA24EC73A90092770B /* ViewExtension.swift */ = {isa = PBXFileReference; fileEncoding = 4; lastKnownFileType = sourcecode.swift; path = ViewExtension.swift; sourceTree = "<group>"; };
		1B596FAB24EC73A90092770B /* ColorExtension.swift */ = {isa = PBXFileReference; fileEncoding = 4; lastKnownFileType = sourcecode.swift; path = ColorExtension.swift; sourceTree = "<group>"; };
		1B596FAC24EC73A90092770B /* ImageViewExtension.swift */ = {isa = PBXFileReference; fileEncoding = 4; lastKnownFileType = sourcecode.swift; path = ImageViewExtension.swift; sourceTree = "<group>"; };
		1B596FAD24EC73A90092770B /* AplicationExtension.swift */ = {isa = PBXFileReference; fileEncoding = 4; lastKnownFileType = sourcecode.swift; path = AplicationExtension.swift; sourceTree = "<group>"; };
		1B596FAE24EC73A90092770B /* LabelExtension.swift */ = {isa = PBXFileReference; fileEncoding = 4; lastKnownFileType = sourcecode.swift; path = LabelExtension.swift; sourceTree = "<group>"; };
		1B596FAF24EC73A90092770B /* CustomeTextField.swift */ = {isa = PBXFileReference; fileEncoding = 4; lastKnownFileType = sourcecode.swift; path = CustomeTextField.swift; sourceTree = "<group>"; };
		1B596FB024EC73A90092770B /* AddAvaTeamsView.swift */ = {isa = PBXFileReference; fileEncoding = 4; lastKnownFileType = sourcecode.swift; path = AddAvaTeamsView.swift; sourceTree = "<group>"; };
		1B596FB124EC73A90092770B /* AddAvaPlayersView.swift */ = {isa = PBXFileReference; fileEncoding = 4; lastKnownFileType = sourcecode.swift; path = AddAvaPlayersView.swift; sourceTree = "<group>"; };
		1B596FB224EC73A90092770B /* Bundle-Decodable.swift */ = {isa = PBXFileReference; fileEncoding = 4; lastKnownFileType = sourcecode.swift; path = "Bundle-Decodable.swift"; sourceTree = "<group>"; };
		1B596FB324EC73A90092770B /* GradientView.swift */ = {isa = PBXFileReference; fileEncoding = 4; lastKnownFileType = sourcecode.swift; path = GradientView.swift; sourceTree = "<group>"; };
		1B596FB424EC73A90092770B /* ButtonFormView.swift */ = {isa = PBXFileReference; fileEncoding = 4; lastKnownFileType = sourcecode.swift; path = ButtonFormView.swift; sourceTree = "<group>"; };
		1B596FC924EC73B20092770B /* Assets.xcassets */ = {isa = PBXFileReference; lastKnownFileType = folder.assetcatalog; path = Assets.xcassets; sourceTree = "<group>"; };
		1B596FCC24EC73D60092770B /* Constants.swift */ = {isa = PBXFileReference; fileEncoding = 4; lastKnownFileType = sourcecode.swift; path = Constants.swift; sourceTree = "<group>"; };
		1B6079AA2518DD74006E6970 /* ListPlayersProfileShowViewModel.swift */ = {isa = PBXFileReference; lastKnownFileType = sourcecode.swift; path = ListPlayersProfileShowViewModel.swift; sourceTree = "<group>"; };
		1B66458C25190E5C00962B4D /* DeletePlayerFromTeam.swift */ = {isa = PBXFileReference; lastKnownFileType = sourcecode.swift; path = DeletePlayerFromTeam.swift; sourceTree = "<group>"; };
		1B6964B825118D5300CBAC9E /* ListTeamsMainScreenViewModel.swift */ = {isa = PBXFileReference; lastKnownFileType = sourcecode.swift; path = ListTeamsMainScreenViewModel.swift; sourceTree = "<group>"; };
		1B6B4811251195D900D71729 /* TabViewFooTeamModel.swift */ = {isa = PBXFileReference; lastKnownFileType = sourcecode.swift; path = TabViewFooTeamModel.swift; sourceTree = "<group>"; };
		1B6C4954251832BD00B384B7 /* ListPlayersProfileShow.swift */ = {isa = PBXFileReference; lastKnownFileType = sourcecode.swift; path = ListPlayersProfileShow.swift; sourceTree = "<group>"; };
		1B6C49572518372B00B384B7 /* PlayersProfileEditor.swift */ = {isa = PBXFileReference; lastKnownFileType = sourcecode.swift; path = PlayersProfileEditor.swift; sourceTree = "<group>"; };
		1B6F5BE12518125C000FACD9 /* JoinToTeamViewModel.swift */ = {isa = PBXFileReference; lastKnownFileType = sourcecode.swift; path = JoinToTeamViewModel.swift; sourceTree = "<group>"; };
		1B6F5BE62518129C000FACD9 /* CellJoinToTeamViewModel.swift */ = {isa = PBXFileReference; lastKnownFileType = sourcecode.swift; path = CellJoinToTeamViewModel.swift; sourceTree = "<group>"; };
		1B77086C250FF327006B1549 /* PopapCard.swift */ = {isa = PBXFileReference; lastKnownFileType = sourcecode.swift; path = PopapCard.swift; sourceTree = "<group>"; };
		1B7BF9AF24EDF2DF00CDEDB9 /* OutButtonFooTeamMenu.swift */ = {isa = PBXFileReference; lastKnownFileType = sourcecode.swift; path = OutButtonFooTeamMenu.swift; sourceTree = "<group>"; };
		1B7BF9B324EDF7C900CDEDB9 /* DividerFooTeamMenu.swift */ = {isa = PBXFileReference; lastKnownFileType = sourcecode.swift; path = DividerFooTeamMenu.swift; sourceTree = "<group>"; };
		1B7F262B25098A5B0053E124 /* JoinToTeamView.swift */ = {isa = PBXFileReference; lastKnownFileType = sourcecode.swift; path = JoinToTeamView.swift; sourceTree = "<group>"; };
		1B85C932250824C1002C3106 /* ProfileAddPlayerView.swift */ = {isa = PBXFileReference; lastKnownFileType = sourcecode.swift; path = ProfileAddPlayerView.swift; sourceTree = "<group>"; };
		1B94F1122523F47E0066F091 /* WaitingPlayers.swift */ = {isa = PBXFileReference; lastKnownFileType = sourcecode.swift; path = WaitingPlayers.swift; sourceTree = "<group>"; };
		1B9B2CF0251020FB00DAF164 /* EditPlayerSimple.swift */ = {isa = PBXFileReference; lastKnownFileType = sourcecode.swift; path = EditPlayerSimple.swift; sourceTree = "<group>"; };
		1BA9509625119B27008269BD /* ProfileAddPlayerViewModel.swift */ = {isa = PBXFileReference; lastKnownFileType = sourcecode.swift; path = ProfileAddPlayerViewModel.swift; sourceTree = "<group>"; };
		1BAB1DD8250A9CC900BA5DA8 /* AcceptInvitation.swift */ = {isa = PBXFileReference; lastKnownFileType = sourcecode.swift; path = AcceptInvitation.swift; sourceTree = "<group>"; };
		1BB14D9D252138B200B8CFCF /* UIResponder.swift */ = {isa = PBXFileReference; lastKnownFileType = sourcecode.swift; path = UIResponder.swift; sourceTree = "<group>"; };
		1BB14DBD252138EF00B8CFCF /* UIViewController.swift */ = {isa = PBXFileReference; lastKnownFileType = sourcecode.swift; path = UIViewController.swift; sourceTree = "<group>"; };
		1BB6D2A92506FD6300007EAD /* CurrentWeatherDater.swift */ = {isa = PBXFileReference; fileEncoding = 4; lastKnownFileType = sourcecode.swift; path = CurrentWeatherDater.swift; sourceTree = "<group>"; };
		1BB6D2AA2506FD6300007EAD /* CurrentWeather.swift */ = {isa = PBXFileReference; fileEncoding = 4; lastKnownFileType = sourcecode.swift; path = CurrentWeather.swift; sourceTree = "<group>"; };
		1BBDD87A251D60B000517BB3 /* CellCardsWithPlayersMainScreenViewModel.swift */ = {isa = PBXFileReference; lastKnownFileType = sourcecode.swift; path = CellCardsWithPlayersMainScreenViewModel.swift; sourceTree = "<group>"; };
		1BBDD87D251D63E700517BB3 /* NumberOfTeams.swift */ = {isa = PBXFileReference; lastKnownFileType = sourcecode.swift; path = NumberOfTeams.swift; sourceTree = "<group>"; };
		1BBDD881251D66A500517BB3 /* RatingOfPlayers.swift */ = {isa = PBXFileReference; lastKnownFileType = sourcecode.swift; path = RatingOfPlayers.swift; sourceTree = "<group>"; };
		1BC080922518F83100FA5908 /* PlayersProfileEditorViewModel.swift */ = {isa = PBXFileReference; lastKnownFileType = sourcecode.swift; path = PlayersProfileEditorViewModel.swift; sourceTree = "<group>"; };
		1BC080952518F91600FA5908 /* BufferIDplayer.swift */ = {isa = PBXFileReference; lastKnownFileType = sourcecode.swift; path = BufferIDplayer.swift; sourceTree = "<group>"; };
		1BC8B61B250EE34C00FC8B27 /* CurrentTeam.swift */ = {isa = PBXFileReference; lastKnownFileType = sourcecode.swift; path = CurrentTeam.swift; sourceTree = "<group>"; };
		1BC99DF7251181FE007EE289 /* InformationsMainScreenViewModel.swift */ = {isa = PBXFileReference; lastKnownFileType = sourcecode.swift; path = InformationsMainScreenViewModel.swift; sourceTree = "<group>"; };
		1BC99DFA25118971007EE289 /* TeamMainScreenViewModel.swift */ = {isa = PBXFileReference; lastKnownFileType = sourcecode.swift; path = TeamMainScreenViewModel.swift; sourceTree = "<group>"; };
		1BCEFF9F251031C300552AB3 /* NoAcceptInvitation.swift */ = {isa = PBXFileReference; lastKnownFileType = sourcecode.swift; path = NoAcceptInvitation.swift; sourceTree = "<group>"; };
		1BF32C95251574E100941F44 /* ImagePlayer.swift */ = {isa = PBXFileReference; lastKnownFileType = sourcecode.swift; path = ImagePlayer.swift; sourceTree = "<group>"; };
		31547FB1B37B719FC927882A /* Pods-FooTeam.debug.xcconfig */ = {isa = PBXFileReference; includeInIndex = 1; lastKnownFileType = text.xcconfig; name = "Pods-FooTeam.debug.xcconfig"; path = "Target Support Files/Pods-FooTeam/Pods-FooTeam.debug.xcconfig"; sourceTree = "<group>"; };
		6A1085B3817BBDFDF757C0A8 /* Pods-FooTeam.release.xcconfig */ = {isa = PBXFileReference; includeInIndex = 1; lastKnownFileType = text.xcconfig; name = "Pods-FooTeam.release.xcconfig"; path = "Target Support Files/Pods-FooTeam/Pods-FooTeam.release.xcconfig"; sourceTree = "<group>"; };
		EEA697D99BF920C0DACBC30C /* Pods_FooTeam.framework */ = {isa = PBXFileReference; explicitFileType = wrapper.framework; includeInIndex = 0; path = Pods_FooTeam.framework; sourceTree = BUILT_PRODUCTS_DIR; };
/* End PBXFileReference section */

/* Begin PBXFrameworksBuildPhase section */
		1B596F2A24EC714C0092770B /* Frameworks */ = {
			isa = PBXFrameworksBuildPhase;
			buildActionMask = 2147483647;
			files = (
				D02706FBC9D63697342D802C /* Pods_FooTeam.framework in Frameworks */,
			);
			runOnlyForDeploymentPostprocessing = 0;
		};
/* End PBXFrameworksBuildPhase section */

/* Begin PBXGroup section */
		1B02408B251172010074100A /* ProfileShowModalMainScreenView */ = {
			isa = PBXGroup;
			children = (
				1B50E65725066F97009B10C7 /* ProfileShowModalMainScreenView.swift */,
				1B02408C251172210074100A /* ProfileShowModalMainScreenViewModel.swift */,
			);
			path = ProfileShowModalMainScreenView;
			sourceTree = "<group>";
		};
		1B0BB4472506AC9D00B3AA06 /* Other */ = {
			isa = PBXGroup;
			children = (
				1B15EB49252E0CD500E36E20 /* AcceptPlayersView.swift */,
				1BF32C95251574E100941F44 /* ImagePlayer.swift */,
				1B7BF9AF24EDF2DF00CDEDB9 /* OutButtonFooTeamMenu.swift */,
				1B7BF9B324EDF7C900CDEDB9 /* DividerFooTeamMenu.swift */,
				1B77086C250FF327006B1549 /* PopapCard.swift */,
				1B596F6224EC73530092770B /* CaruselBodyFooTeam */,
			);
			path = Other;
			sourceTree = "<group>";
		};
		1B0C6FD3251827AB0087169B /* TopPlayersScreenView */ = {
			isa = PBXGroup;
			children = (
				1B596F5E24EC73530092770B /* TopPlayersScreenView.swift */,
				1B0C6FD5251827B90087169B /* TopPlayersScreenViewModel.swift */,
			);
			path = TopPlayersScreenView;
			sourceTree = "<group>";
		};
		1B0C6FD825182D250087169B /* ListPlayersScreenView */ = {
			isa = PBXGroup;
			children = (
				1B596F6824EC73530092770B /* ListPlayersSecondScreenView.swift */,
				1B28E3FD2511A030007B53A8 /* ListPlayersSecondScreenViewModel.swift */,
			);
			path = ListPlayersScreenView;
			sourceTree = "<group>";
		};
		1B18C2DC25116ADC00551C6D /* HeaderMainScreenView */ = {
			isa = PBXGroup;
			children = (
				1B39446D24F9A3470008FC40 /* HeaderMainScreenView.swift */,
				1B18C2DD25116AFD00551C6D /* HeaderMainScreenViewModel.swift */,
			);
			path = HeaderMainScreenView;
			sourceTree = "<group>";
		};
		1B18C2DF25116D3100551C6D /* ProfileMainScreenView */ = {
			isa = PBXGroup;
			children = (
				1B39446F24F9A3A00008FC40 /* ProfileMainScreenView.swift */,
				1B18C2E025116D4C00551C6D /* ProfileMainScreenViewModel.swift */,
			);
			path = ProfileMainScreenView;
			sourceTree = "<group>";
		};
		1B2A5621252A4EF2005DA4C2 /* EditPhoto */ = {
			isa = PBXGroup;
			children = (
				1B2A5628252A52D3005DA4C2 /* EditPhotoView */,
				1B3BB6D7251FF5FB004340FD /* ImagePicker.swift */,
			);
			path = EditPhoto;
			sourceTree = "<group>";
		};
		1B2A5628252A52D3005DA4C2 /* EditPhotoView */ = {
			isa = PBXGroup;
			children = (
				1B3BB6DA251FF649004340FD /* EditPhotoView.swift */,
				1B2A5625252A52B2005DA4C2 /* EditPhotoViewModel.swift */,
			);
			name = EditPhotoView;
			sourceTree = "<group>";
		};
		1B33582B250A897C007EA9A7 /* SwiftUI */ = {
			isa = PBXGroup;
			children = (
				1B453AAB2501A28B00DA2DDA /* FirebaseReference.swift */,
				1B453AAD2501A30400DA2DDA /* PlayersListener.swift */,
				1B453AAF2501AA1800DA2DDA /* TeamsListener.swift */,
				1B33582D250A8B46007EA9A7 /* JoinTheTeam.swift */,
				1BAB1DD8250A9CC900BA5DA8 /* AcceptInvitation.swift */,
				1BCEFF9F251031C300552AB3 /* NoAcceptInvitation.swift */,
				1B4B0EE6250AAE8C00EF701B /* ActionsPlayers.swift */,
				1B94F1122523F47E0066F091 /* WaitingPlayers.swift */,
				1B4C2B7B250EC26C0064A029 /* CountPlayersInTeam.swift */,
				1B53957A250ADF1500C8DFD9 /* CurrentUser.swift */,
				1BC080952518F91600FA5908 /* BufferIDplayer.swift */,
				1BC8B61B250EE34C00FC8B27 /* CurrentTeam.swift */,
				1B539584250AECE300C8DFD9 /* AddPlayer.swift */,
				1B53957C250AE35800C8DFD9 /* EditPlayer.swift */,
				1B9B2CF0251020FB00DAF164 /* EditPlayerSimple.swift */,
				1B3BB6F9252005CC004340FD /* EditPlayerThree.swift */,
				1B53957E250AE91C00C8DFD9 /* DeletPlayer.swift */,
				1B66458C25190E5C00962B4D /* DeletePlayerFromTeam.swift */,
				1B539586250AEF9900C8DFD9 /* AddTeam.swift */,
				1B539582250AEB2400C8DFD9 /* EditTeam.swift */,
				1B539580250AE92A00C8DFD9 /* DeletTeam.swift */,
			);
			path = SwiftUI;
			sourceTree = "<group>";
		};
		1B33582C250A899B007EA9A7 /* UIKit */ = {
			isa = PBXGroup;
			children = (
				1B596F8A24EC73820092770B /* AuthService.swift */,
				1B596F8924EC73820092770B /* ListenerService.swift */,
				1B596F8824EC73820092770B /* StorageService.swift */,
				1B596F8B24EC73820092770B /* FirestoreService.swift */,
			);
			path = UIKit;
			sourceTree = "<group>";
		};
		1B39446C24F9A3010008FC40 /* MainScreenView */ = {
			isa = PBXGroup;
			children = (
				1BC99DF6251181D8007EE289 /* Main */,
				1B18C2DC25116ADC00551C6D /* HeaderMainScreenView */,
				1B50E65625066F58009B10C7 /* ProfileMainScreenView */,
				1B52069E2511818200AD29BA /* InformationsMainScreenView */,
				1B4A3DC52502EA98000EABD1 /* TeamMainScreenView */,
				1B596F5D24EC73530092770B /* TopPlayersScreenView */,
			);
			path = MainScreenView;
			sourceTree = "<group>";
		};
		1B4A3DC52502EA98000EABD1 /* TeamMainScreenView */ = {
			isa = PBXGroup;
			children = (
				1BC99DF92511893E007EE289 /* TeamMainScreenView */,
				1B6964B725118D1E00CBAC9E /* ListTeamsMainScreenView */,
				1BBDD878251D609C00517BB3 /* CellCardsWithPlayersMain */,
			);
			path = TeamMainScreenView;
			sourceTree = "<group>";
		};
		1B4BECB3251D4A0B00581FB2 /* WaitingForConfirmationView */ = {
			isa = PBXGroup;
			children = (
				1B4BECAB251D3E5A00581FB2 /* WaitingForConfirmationView.swift */,
				1B4BECB0251D4A0100581FB2 /* WaitingForConfirmationViewModel.swift */,
			);
			path = WaitingForConfirmationView;
			sourceTree = "<group>";
		};
		1B50E65625066F58009B10C7 /* ProfileMainScreenView */ = {
			isa = PBXGroup;
			children = (
				1B2A5621252A4EF2005DA4C2 /* EditPhoto */,
				1B18C2DF25116D3100551C6D /* ProfileMainScreenView */,
				1B02408B251172010074100A /* ProfileShowModalMainScreenView */,
				1BAD99E025117D1300022700 /* ProfileEditorView */,
				1B6B481325119AA000D71729 /* ProfileAddPlayerView */,
			);
			path = ProfileMainScreenView;
			sourceTree = "<group>";
		};
		1B52069E2511818200AD29BA /* InformationsMainScreenView */ = {
			isa = PBXGroup;
			children = (
				1B39447124F9A3E80008FC40 /* InformationsMainScreenView.swift */,
				1BC99DF7251181FE007EE289 /* InformationsMainScreenViewModel.swift */,
			);
			path = InformationsMainScreenView;
			sourceTree = "<group>";
		};
		1B596F2424EC714B0092770B = {
			isa = PBXGroup;
			children = (
				1B596F2F24EC714C0092770B /* FooTeam */,
				1B596F2E24EC714C0092770B /* Products */,
				5AD05B77981D44B12A07023D /* Pods */,
				8ED492C51A6CE9E6C5F61F2A /* Frameworks */,
			);
			sourceTree = "<group>";
		};
		1B596F2E24EC714C0092770B /* Products */ = {
			isa = PBXGroup;
			children = (
				1B596F2D24EC714C0092770B /* FooTeam.app */,
			);
			name = Products;
			sourceTree = "<group>";
		};
		1B596F2F24EC714C0092770B /* FooTeam */ = {
			isa = PBXGroup;
			children = (
				1B3957A8252E5F120036DDEC /* FooTeam.entitlements */,
				1B596F4C24EC73530092770B /* View */,
				1B596F7D24EC73650092770B /* Model */,
				1B596F8224EC73820092770B /* Services */,
				1B596F4424EC71A20092770B /* App */,
			);
			path = FooTeam;
			sourceTree = "<group>";
		};
		1B596F4424EC71A20092770B /* App */ = {
			isa = PBXGroup;
			children = (
				1B596F9424EC73990092770B /* Helpers */,
				1B596F9B24EC73A00092770B /* Protocols */,
				1B596FA024EC73A90092770B /* Extensions */,
				1B596FC824EC73B20092770B /* Sources */,
				1B596FCB24EC73D60092770B /* Supporting files */,
				1B596F4524EC71C20092770B /* Storyboards */,
				1B596F3024EC714C0092770B /* AppDelegate.swift */,
				1B596F3224EC714C0092770B /* SceneDelegate.swift */,
				1B596F3E24EC714E0092770B /* Info.plist */,
				1B596F4A24EC73150092770B /* GoogleService-Info.plist */,
			);
			path = App;
			sourceTree = "<group>";
		};
		1B596F4524EC71C20092770B /* Storyboards */ = {
			isa = PBXGroup;
			children = (
				1B596F3B24EC714E0092770B /* LaunchScreen.storyboard */,
			);
			path = Storyboards;
			sourceTree = "<group>";
		};
		1B596F4C24EC73530092770B /* View */ = {
			isa = PBXGroup;
			children = (
				1B596F4D24EC73530092770B /* SignIn&Auth */,
				1B596F5124EC73530092770B /* Create&Join&Profile */,
				1B596F5824EC73530092770B /* ScreensUIView */,
			);
			path = View;
			sourceTree = "<group>";
		};
		1B596F4D24EC73530092770B /* SignIn&Auth */ = {
			isa = PBXGroup;
			children = (
				1B596F4F24EC73530092770B /* AuthViewController.swift */,
				1B596F4E24EC73530092770B /* SignUpViewController.swift */,
				1B596F5024EC73530092770B /* LoginViewController.swift */,
			);
			path = "SignIn&Auth";
			sourceTree = "<group>";
		};
		1B596F5124EC73530092770B /* Create&Join&Profile */ = {
			isa = PBXGroup;
			children = (
				1B596F5224EC73530092770B /* JoinTeamViewController */,
				1B596F5724EC73530092770B /* SetupProfileViewController.swift */,
				1B596F5624EC73530092770B /* CreateTeamViewController.swift */,
			);
			path = "Create&Join&Profile";
			sourceTree = "<group>";
		};
		1B596F5224EC73530092770B /* JoinTeamViewController */ = {
			isa = PBXGroup;
			children = (
				1B6F5BDF25181247000FACD9 /* JoinToTeamView */,
				1B6F5BE42518128E000FACD9 /* CellJoinToTeamView */,
				1B4BECB3251D4A0B00581FB2 /* WaitingForConfirmationView */,
			);
			path = JoinTeamViewController;
			sourceTree = "<group>";
		};
		1B596F5824EC73530092770B /* ScreensUIView */ = {
			isa = PBXGroup;
			children = (
				1B6B48102511959E00D71729 /* TabViewFooTeam */,
				1B39446C24F9A3010008FC40 /* MainScreenView */,
				1B596F6624EC73530092770B /* SecondScreenView */,
				1B0BB4472506AC9D00B3AA06 /* Other */,
			);
			path = ScreensUIView;
			sourceTree = "<group>";
		};
		1B596F5D24EC73530092770B /* TopPlayersScreenView */ = {
			isa = PBXGroup;
			children = (
				1B0C6FD3251827AB0087169B /* TopPlayersScreenView */,
				1B596F6024EC73530092770B /* BoxTopPlayersFooTeam.swift */,
				1B596F5F24EC73530092770B /* CellTopPlayersFooTeam.swift */,
				1B596F6124EC73530092770B /* BackgroundFooTeam.swift */,
			);
			path = TopPlayersScreenView;
			sourceTree = "<group>";
		};
		1B596F6224EC73530092770B /* CaruselBodyFooTeam */ = {
			isa = PBXGroup;
			children = (
				1B596F6324EC73530092770B /* CaruselBodyFooTeam.swift */,
				1B596F6524EC73530092770B /* BoxCaruselBodyFooTeam.swift */,
				1B596F6424EC73530092770B /* CellCaruselBodyFooTeam.swift */,
			);
			path = CaruselBodyFooTeam;
			sourceTree = "<group>";
		};
		1B596F6624EC73530092770B /* SecondScreenView */ = {
			isa = PBXGroup;
			children = (
				1B0C6FD825182D250087169B /* ListPlayersScreenView */,
				1BD866D625182DF800D1B9A1 /* ListPlayersProfileShow */,
			);
			path = SecondScreenView;
			sourceTree = "<group>";
		};
		1B596F7D24EC73650092770B /* Model */ = {
			isa = PBXGroup;
			children = (
				1B596F7E24EC73650092770B /* Player.swift */,
				1B4B0EE8250AB77F00EF701B /* PlayersID.swift */,
				1B596F7F24EC73650092770B /* Team.swift */,
				1BB6D2A82506FD6300007EAD /* Weather */,
			);
			path = Model;
			sourceTree = "<group>";
		};
		1B596F8224EC73820092770B /* Services */ = {
			isa = PBXGroup;
			children = (
				1B596F8324EC73820092770B /* NetworkWeatherManager.swift */,
				1B596F8524EC73820092770B /* Notifications.swift */,
				1B596F8624EC73820092770B /* CalendarFooTeam.swift */,
				1BBDD87D251D63E700517BB3 /* NumberOfTeams.swift */,
				1BBDD881251D66A500517BB3 /* RatingOfPlayers.swift */,
				1B4467A5252419B0009E485E /* InWhichTeam.swift */,
				1B596F8724EC73820092770B /* Firebase */,
			);
			path = Services;
			sourceTree = "<group>";
		};
		1B596F8724EC73820092770B /* Firebase */ = {
			isa = PBXGroup;
			children = (
				1B33582B250A897C007EA9A7 /* SwiftUI */,
				1B33582C250A899B007EA9A7 /* UIKit */,
			);
			path = Firebase;
			sourceTree = "<group>";
		};
		1B596F9424EC73990092770B /* Helpers */ = {
			isa = PBXGroup;
			children = (
				1B596F9524EC73990092770B /* AuthError.swift */,
				1B596F9624EC739A0092770B /* UserError.swift */,
				1B596F9724EC739A0092770B /* Validators.swift */,
			);
			path = Helpers;
			sourceTree = "<group>";
		};
		1B596F9B24EC73A00092770B /* Protocols */ = {
			isa = PBXGroup;
			children = (
				1B596F9C24EC73A00092770B /* AuthNavigatingDelegate.swift */,
				1B596F9D24EC73A00092770B /* SelfConfiguringCell.swift */,
			);
			path = Protocols;
			sourceTree = "<group>";
		};
		1B596FA024EC73A90092770B /* Extensions */ = {
			isa = PBXGroup;
			children = (
				1B596FA124EC73A90092770B /* InsertableTextField.swift */,
				1B596FB024EC73A90092770B /* AddAvaTeamsView.swift */,
				1B596FB124EC73A90092770B /* AddAvaPlayersView.swift */,
				1B596FB224EC73A90092770B /* Bundle-Decodable.swift */,
				1B596FB324EC73A90092770B /* GradientView.swift */,
				1B596FB424EC73A90092770B /* ButtonFormView.swift */,
				1BB14D9D252138B200B8CFCF /* UIResponder.swift */,
				1BB14DBD252138EF00B8CFCF /* UIViewController.swift */,
				1B596FA224EC73A90092770B /* UIKit */,
			);
			path = Extensions;
			sourceTree = "<group>";
		};
		1B596FA224EC73A90092770B /* UIKit */ = {
			isa = PBXGroup;
			children = (
				1B596FA324EC73A90092770B /* StackViewExtension.swift */,
				1B596FA424EC73A90092770B /* ViewControllerExtension.swift */,
				1B596FA524EC73A90092770B /* SegmentedControlExtension.swift */,
				1B596FA624EC73A90092770B /* FontExtension.swift */,
				1B596FA724EC73A90092770B /* ScrollViewExtension.swift */,
				1B596FA824EC73A90092770B /* ImageExtension.swift */,
				1B596FA924EC73A90092770B /* ButtonExtension.swift */,
				1B596FAA24EC73A90092770B /* ViewExtension.swift */,
				1B596FAB24EC73A90092770B /* ColorExtension.swift */,
				1B596FAC24EC73A90092770B /* ImageViewExtension.swift */,
				1B596FAD24EC73A90092770B /* AplicationExtension.swift */,
				1B596FAE24EC73A90092770B /* LabelExtension.swift */,
				1B596FAF24EC73A90092770B /* CustomeTextField.swift */,
			);
			path = UIKit;
			sourceTree = "<group>";
		};
		1B596FC824EC73B20092770B /* Sources */ = {
			isa = PBXGroup;
			children = (
				1B596FC924EC73B20092770B /* Assets.xcassets */,
			);
			path = Sources;
			sourceTree = "<group>";
		};
		1B596FCB24EC73D60092770B /* Supporting files */ = {
			isa = PBXGroup;
			children = (
				1B596FCC24EC73D60092770B /* Constants.swift */,
			);
			path = "Supporting files";
			sourceTree = "<group>";
		};
		1B6964B725118D1E00CBAC9E /* ListTeamsMainScreenView */ = {
			isa = PBXGroup;
			children = (
				1B4A3DC62502EAEA000EABD1 /* ListTeamsMainScreenView.swift */,
				1B6964B825118D5300CBAC9E /* ListTeamsMainScreenViewModel.swift */,
			);
			path = ListTeamsMainScreenView;
			sourceTree = "<group>";
		};
		1B6B48102511959E00D71729 /* TabViewFooTeam */ = {
			isa = PBXGroup;
			children = (
				1B39446824F85B060008FC40 /* TabViewFooTeam.swift */,
				1B6B4811251195D900D71729 /* TabViewFooTeamModel.swift */,
			);
			path = TabViewFooTeam;
			sourceTree = "<group>";
		};
		1B6B481325119AA000D71729 /* ProfileAddPlayerView */ = {
			isa = PBXGroup;
			children = (
				1B85C932250824C1002C3106 /* ProfileAddPlayerView.swift */,
				1BA9509625119B27008269BD /* ProfileAddPlayerViewModel.swift */,
			);
			path = ProfileAddPlayerView;
			sourceTree = "<group>";
		};
		1B6F5BDF25181247000FACD9 /* JoinToTeamView */ = {
			isa = PBXGroup;
			children = (
				1B7F262B25098A5B0053E124 /* JoinToTeamView.swift */,
				1B6F5BE12518125C000FACD9 /* JoinToTeamViewModel.swift */,
			);
			path = JoinToTeamView;
			sourceTree = "<group>";
		};
		1B6F5BE42518128E000FACD9 /* CellJoinToTeamView */ = {
			isa = PBXGroup;
			children = (
				1B596F5324EC73530092770B /* CellJoinToTeamView.swift */,
				1B6F5BE62518129C000FACD9 /* CellJoinToTeamViewModel.swift */,
			);
			path = CellJoinToTeamView;
			sourceTree = "<group>";
		};
		1BAD99E025117D1300022700 /* ProfileEditorView */ = {
			isa = PBXGroup;
			children = (
				1B6C49572518372B00B384B7 /* PlayersProfileEditor.swift */,
				1BC080922518F83100FA5908 /* PlayersProfileEditorViewModel.swift */,
			);
			path = ProfileEditorView;
			sourceTree = "<group>";
		};
		1BB6D2A82506FD6300007EAD /* Weather */ = {
			isa = PBXGroup;
			children = (
				1BB6D2A92506FD6300007EAD /* CurrentWeatherDater.swift */,
				1BB6D2AA2506FD6300007EAD /* CurrentWeather.swift */,
			);
			path = Weather;
			sourceTree = "<group>";
		};
		1BBDD878251D609C00517BB3 /* CellCardsWithPlayersMain */ = {
			isa = PBXGroup;
			children = (
				1B4A3DCD2502EF6F000EABD1 /* CellCardsWithPlayersMainScreenView.swift */,
				1BBDD87A251D60B000517BB3 /* CellCardsWithPlayersMainScreenViewModel.swift */,
			);
			path = CellCardsWithPlayersMain;
			sourceTree = "<group>";
		};
		1BC99DF6251181D8007EE289 /* Main */ = {
			isa = PBXGroup;
			children = (
				1B39446A24F85D250008FC40 /* MainScreenView.swift */,
				1B2A561E252A4BD9005DA4C2 /* MainScreenViewModel.swift */,
			);
			path = Main;
			sourceTree = "<group>";
		};
		1BC99DF92511893E007EE289 /* TeamMainScreenView */ = {
			isa = PBXGroup;
			children = (
				1B3F0C0224F9A50E00FA4F51 /* TeamMainScreenView.swift */,
				1BC99DFA25118971007EE289 /* TeamMainScreenViewModel.swift */,
			);
			path = TeamMainScreenView;
			sourceTree = "<group>";
		};
		1BD866D625182DF800D1B9A1 /* ListPlayersProfileShow */ = {
			isa = PBXGroup;
			children = (
				1B6C4954251832BD00B384B7 /* ListPlayersProfileShow.swift */,
				1B6079AA2518DD74006E6970 /* ListPlayersProfileShowViewModel.swift */,
			);
			path = ListPlayersProfileShow;
			sourceTree = "<group>";
		};
		5AD05B77981D44B12A07023D /* Pods */ = {
			isa = PBXGroup;
			children = (
				31547FB1B37B719FC927882A /* Pods-FooTeam.debug.xcconfig */,
				6A1085B3817BBDFDF757C0A8 /* Pods-FooTeam.release.xcconfig */,
			);
			path = Pods;
			sourceTree = "<group>";
		};
		8ED492C51A6CE9E6C5F61F2A /* Frameworks */ = {
			isa = PBXGroup;
			children = (
				EEA697D99BF920C0DACBC30C /* Pods_FooTeam.framework */,
			);
			name = Frameworks;
			sourceTree = "<group>";
		};
/* End PBXGroup section */

/* Begin PBXNativeTarget section */
		1B596F2C24EC714C0092770B /* FooTeam */ = {
			isa = PBXNativeTarget;
			buildConfigurationList = 1B596F4124EC714E0092770B /* Build configuration list for PBXNativeTarget "FooTeam" */;
			buildPhases = (
				FD9BAA3DE9D6C36B52BA8920 /* [CP] Check Pods Manifest.lock */,
				1B596F2924EC714C0092770B /* Sources */,
				1B596F2A24EC714C0092770B /* Frameworks */,
				1B596F2B24EC714C0092770B /* Resources */,
				E3B17EA04465516EDB45389B /* [CP] Embed Pods Frameworks */,
				5C7ECBA767E9F68D2E857183 /* [CP] Copy Pods Resources */,
			);
			buildRules = (
			);
			dependencies = (
			);
			name = FooTeam;
			productName = FooTeam;
			productReference = 1B596F2D24EC714C0092770B /* FooTeam.app */;
			productType = "com.apple.product-type.application";
		};
/* End PBXNativeTarget section */

/* Begin PBXProject section */
		1B596F2524EC714B0092770B /* Project object */ = {
			isa = PBXProject;
			attributes = {
				LastSwiftUpdateCheck = 1160;
				LastUpgradeCheck = 1200;
				ORGANIZATIONNAME = "Vitalii Sosin";
				TargetAttributes = {
					1B596F2C24EC714C0092770B = {
						CreatedOnToolsVersion = 11.6;
					};
				};
			};
			buildConfigurationList = 1B596F2824EC714B0092770B /* Build configuration list for PBXProject "FooTeam" */;
			compatibilityVersion = "Xcode 9.3";
			developmentRegion = en;
			hasScannedForEncodings = 0;
			knownRegions = (
				en,
				Base,
			);
			mainGroup = 1B596F2424EC714B0092770B;
			productRefGroup = 1B596F2E24EC714C0092770B /* Products */;
			projectDirPath = "";
			projectRoot = "";
			targets = (
				1B596F2C24EC714C0092770B /* FooTeam */,
			);
		};
/* End PBXProject section */

/* Begin PBXResourcesBuildPhase section */
		1B596F2B24EC714C0092770B /* Resources */ = {
			isa = PBXResourcesBuildPhase;
			buildActionMask = 2147483647;
			files = (
				1B596F3D24EC714E0092770B /* LaunchScreen.storyboard in Resources */,
				1B596FCA24EC73B20092770B /* Assets.xcassets in Resources */,
				1B596F4B24EC73150092770B /* GoogleService-Info.plist in Resources */,
			);
			runOnlyForDeploymentPostprocessing = 0;
		};
/* End PBXResourcesBuildPhase section */

/* Begin PBXShellScriptBuildPhase section */
		5C7ECBA767E9F68D2E857183 /* [CP] Copy Pods Resources */ = {
			isa = PBXShellScriptBuildPhase;
			buildActionMask = 2147483647;
			files = (
			);
			inputFileListPaths = (
				"${PODS_ROOT}/Target Support Files/Pods-FooTeam/Pods-FooTeam-resources-${CONFIGURATION}-input-files.xcfilelist",
			);
			name = "[CP] Copy Pods Resources";
			outputFileListPaths = (
				"${PODS_ROOT}/Target Support Files/Pods-FooTeam/Pods-FooTeam-resources-${CONFIGURATION}-output-files.xcfilelist",
			);
			runOnlyForDeploymentPostprocessing = 0;
			shellPath = /bin/sh;
			shellScript = "\"${PODS_ROOT}/Target Support Files/Pods-FooTeam/Pods-FooTeam-resources.sh\"\n";
			showEnvVarsInLog = 0;
		};
		E3B17EA04465516EDB45389B /* [CP] Embed Pods Frameworks */ = {
			isa = PBXShellScriptBuildPhase;
			buildActionMask = 2147483647;
			files = (
			);
			inputFileListPaths = (
				"${PODS_ROOT}/Target Support Files/Pods-FooTeam/Pods-FooTeam-frameworks-${CONFIGURATION}-input-files.xcfilelist",
			);
			name = "[CP] Embed Pods Frameworks";
			outputFileListPaths = (
				"${PODS_ROOT}/Target Support Files/Pods-FooTeam/Pods-FooTeam-frameworks-${CONFIGURATION}-output-files.xcfilelist",
			);
			runOnlyForDeploymentPostprocessing = 0;
			shellPath = /bin/sh;
			shellScript = "\"${PODS_ROOT}/Target Support Files/Pods-FooTeam/Pods-FooTeam-frameworks.sh\"\n";
			showEnvVarsInLog = 0;
		};
		FD9BAA3DE9D6C36B52BA8920 /* [CP] Check Pods Manifest.lock */ = {
			isa = PBXShellScriptBuildPhase;
			buildActionMask = 2147483647;
			files = (
			);
			inputFileListPaths = (
			);
			inputPaths = (
				"${PODS_PODFILE_DIR_PATH}/Podfile.lock",
				"${PODS_ROOT}/Manifest.lock",
			);
			name = "[CP] Check Pods Manifest.lock";
			outputFileListPaths = (
			);
			outputPaths = (
				"$(DERIVED_FILE_DIR)/Pods-FooTeam-checkManifestLockResult.txt",
			);
			runOnlyForDeploymentPostprocessing = 0;
			shellPath = /bin/sh;
			shellScript = "diff \"${PODS_PODFILE_DIR_PATH}/Podfile.lock\" \"${PODS_ROOT}/Manifest.lock\" > /dev/null\nif [ $? != 0 ] ; then\n    # print error to STDERR\n    echo \"error: The sandbox is not in sync with the Podfile.lock. Run 'pod install' or update your CocoaPods installation.\" >&2\n    exit 1\nfi\n# This output is used by Xcode 'outputs' to avoid re-running this script phase.\necho \"SUCCESS\" > \"${SCRIPT_OUTPUT_FILE_0}\"\n";
			showEnvVarsInLog = 0;
		};
/* End PBXShellScriptBuildPhase section */

/* Begin PBXSourcesBuildPhase section */
		1B596F2924EC714C0092770B /* Sources */ = {
			isa = PBXSourcesBuildPhase;
			buildActionMask = 2147483647;
			files = (
				1B4C2B7C250EC26C0064A029 /* CountPlayersInTeam.swift in Sources */,
				1B596F8124EC73650092770B /* Team.swift in Sources */,
				1B39446E24F9A3470008FC40 /* HeaderMainScreenView.swift in Sources */,
				1B596F9224EC73820092770B /* AuthService.swift in Sources */,
				1B596FC724EC73A90092770B /* ButtonFormView.swift in Sources */,
				1BA9509725119B27008269BD /* ProfileAddPlayerViewModel.swift in Sources */,
				1B53957F250AE91C00C8DFD9 /* DeletPlayer.swift in Sources */,
				1B596FC624EC73A90092770B /* GradientView.swift in Sources */,
				1BB6D2AB2506FD6300007EAD /* CurrentWeatherDater.swift in Sources */,
				1BAB1DD9250A9CC900BA5DA8 /* AcceptInvitation.swift in Sources */,
				1B4BECAC251D3E5A00581FB2 /* WaitingForConfirmationView.swift in Sources */,
				1B596F8F24EC73820092770B /* CalendarFooTeam.swift in Sources */,
				1B596F6C24EC73530092770B /* CellJoinToTeamView.swift in Sources */,
				1B9B2CF1251020FB00DAF164 /* EditPlayerSimple.swift in Sources */,
				1BC99DFB25118971007EE289 /* TeamMainScreenViewModel.swift in Sources */,
				1B4A3DCE2502EF6F000EABD1 /* CellCardsWithPlayersMainScreenView.swift in Sources */,
				1B596FC524EC73A90092770B /* Bundle-Decodable.swift in Sources */,
				1B596F8E24EC73820092770B /* Notifications.swift in Sources */,
				1B453AAE2501A30400DA2DDA /* PlayersListener.swift in Sources */,
				1B596FB524EC73A90092770B /* InsertableTextField.swift in Sources */,
				1B6F5BE72518129C000FACD9 /* CellJoinToTeamViewModel.swift in Sources */,
				1B539587250AEF9900C8DFD9 /* AddTeam.swift in Sources */,
				1B6C49582518372B00B384B7 /* PlayersProfileEditor.swift in Sources */,
				1B28E3FE2511A031007B53A8 /* ListPlayersSecondScreenViewModel.swift in Sources */,
				1B18C2DE25116AFD00551C6D /* HeaderMainScreenViewModel.swift in Sources */,
				1B596F7524EC73530092770B /* CellTopPlayersFooTeam.swift in Sources */,
				1B596FB624EC73A90092770B /* StackViewExtension.swift in Sources */,
				1BF32C96251574E100941F44 /* ImagePlayer.swift in Sources */,
				1B85C933250824C1002C3106 /* ProfileAddPlayerView.swift in Sources */,
				1B50E65825066F97009B10C7 /* ProfileShowModalMainScreenView.swift in Sources */,
				1BBDD87B251D60B000517BB3 /* CellCardsWithPlayersMainScreenViewModel.swift in Sources */,
				1B596F9E24EC73A00092770B /* AuthNavigatingDelegate.swift in Sources */,
				1B02408D251172210074100A /* ProfileShowModalMainScreenViewModel.swift in Sources */,
				1B596FC024EC73A90092770B /* AplicationExtension.swift in Sources */,
				1B3BB6FA252005CC004340FD /* EditPlayerThree.swift in Sources */,
				1B596F9A24EC739A0092770B /* Validators.swift in Sources */,
				1BC080962518F91600FA5908 /* BufferIDplayer.swift in Sources */,
				1B596FC424EC73A90092770B /* AddAvaPlayersView.swift in Sources */,
				1B596F7924EC73530092770B /* CellCaruselBodyFooTeam.swift in Sources */,
				1BCEFFA0251031C300552AB3 /* NoAcceptInvitation.swift in Sources */,
				1B0C6FD6251827B90087169B /* TopPlayersScreenViewModel.swift in Sources */,
				1B596F6A24EC73530092770B /* AuthViewController.swift in Sources */,
				1B596F6924EC73530092770B /* SignUpViewController.swift in Sources */,
				1B39447224F9A3E80008FC40 /* InformationsMainScreenView.swift in Sources */,
				1B4BECB1251D4A0100581FB2 /* WaitingForConfirmationViewModel.swift in Sources */,
				1B3BB6D8251FF5FB004340FD /* ImagePicker.swift in Sources */,
				1B2A5626252A52B2005DA4C2 /* EditPhotoViewModel.swift in Sources */,
				1B596FCD24EC73D60092770B /* Constants.swift in Sources */,
				1BBDD87E251D63E700517BB3 /* NumberOfTeams.swift in Sources */,
				1B3F0C0324F9A50E00FA4F51 /* TeamMainScreenView.swift in Sources */,
				1B596F8024EC73650092770B /* Player.swift in Sources */,
				1B4B0EE7250AAE8C00EF701B /* ActionsPlayers.swift in Sources */,
				1B596F7424EC73530092770B /* TopPlayersScreenView.swift in Sources */,
				1BC8B61C250EE34C00FC8B27 /* CurrentTeam.swift in Sources */,
				1B596FBE24EC73A90092770B /* ColorExtension.swift in Sources */,
				1B596F9F24EC73A00092770B /* SelfConfiguringCell.swift in Sources */,
				1B3BB6DB251FF649004340FD /* EditPhotoView.swift in Sources */,
				1B596F3124EC714C0092770B /* AppDelegate.swift in Sources */,
				1BB14DBE252138EF00B8CFCF /* UIViewController.swift in Sources */,
				1B596F7C24EC73530092770B /* ListPlayersSecondScreenView.swift in Sources */,
				1B596FC224EC73A90092770B /* CustomeTextField.swift in Sources */,
				1B39447024F9A3A00008FC40 /* ProfileMainScreenView.swift in Sources */,
				1B4A3DC72502EAEA000EABD1 /* ListTeamsMainScreenView.swift in Sources */,
				1B39446924F85B060008FC40 /* TabViewFooTeam.swift in Sources */,
				1BB14D9E252138B200B8CFCF /* UIResponder.swift in Sources */,
				1B596FBA24EC73A90092770B /* ScrollViewExtension.swift in Sources */,
				1B2A561F252A4BD9005DA4C2 /* MainScreenViewModel.swift in Sources */,
				1B596FB824EC73A90092770B /* SegmentedControlExtension.swift in Sources */,
				1B596F7724EC73530092770B /* BackgroundFooTeam.swift in Sources */,
				1B596F9024EC73820092770B /* StorageService.swift in Sources */,
				1B53957B250ADF1500C8DFD9 /* CurrentUser.swift in Sources */,
				1B596F7A24EC73530092770B /* BoxCaruselBodyFooTeam.swift in Sources */,
				1B596FBC24EC73A90092770B /* ButtonExtension.swift in Sources */,
				1B6079AB2518DD74006E6970 /* ListPlayersProfileShowViewModel.swift in Sources */,
				1B596F6F24EC73530092770B /* CreateTeamViewController.swift in Sources */,
				1B539585250AECE300C8DFD9 /* AddPlayer.swift in Sources */,
				1B596F9324EC73820092770B /* FirestoreService.swift in Sources */,
				1B33582E250A8B46007EA9A7 /* JoinTheTeam.swift in Sources */,
				1BBDD882251D66A500517BB3 /* RatingOfPlayers.swift in Sources */,
				1B596F6B24EC73530092770B /* LoginViewController.swift in Sources */,
				1B453AAC2501A28B00DA2DDA /* FirebaseReference.swift in Sources */,
				1B596FB724EC73A90092770B /* ViewControllerExtension.swift in Sources */,
				1B6B4812251195D900D71729 /* TabViewFooTeamModel.swift in Sources */,
				1B596FBB24EC73A90092770B /* ImageExtension.swift in Sources */,
				1BC99DF8251181FE007EE289 /* InformationsMainScreenViewModel.swift in Sources */,
				1B596FB924EC73A90092770B /* FontExtension.swift in Sources */,
				1B77086D250FF327006B1549 /* PopapCard.swift in Sources */,
				1B6C4955251832BD00B384B7 /* ListPlayersProfileShow.swift in Sources */,
				1B596FC124EC73A90092770B /* LabelExtension.swift in Sources */,
				1B596FC324EC73A90092770B /* AddAvaTeamsView.swift in Sources */,
				1B596F8C24EC73820092770B /* NetworkWeatherManager.swift in Sources */,
				1B66458D25190E5C00962B4D /* DeletePlayerFromTeam.swift in Sources */,
				1B53957D250AE35800C8DFD9 /* EditPlayer.swift in Sources */,
				1B596F7624EC73530092770B /* BoxTopPlayersFooTeam.swift in Sources */,
				1BB6D2AC2506FD6300007EAD /* CurrentWeather.swift in Sources */,
				1B7BF9B024EDF2DF00CDEDB9 /* OutButtonFooTeamMenu.swift in Sources */,
				1B94F1132523F47E0066F091 /* WaitingPlayers.swift in Sources */,
				1B6964B925118D5300CBAC9E /* ListTeamsMainScreenViewModel.swift in Sources */,
				1B539581250AE92A00C8DFD9 /* DeletTeam.swift in Sources */,
				1B539583250AEB2400C8DFD9 /* EditTeam.swift in Sources */,
				1BC080932518F83100FA5908 /* PlayersProfileEditorViewModel.swift in Sources */,
				1B596F9824EC739A0092770B /* AuthError.swift in Sources */,
				1B7BF9B424EDF7C900CDEDB9 /* DividerFooTeamMenu.swift in Sources */,
				1B39446B24F85D250008FC40 /* MainScreenView.swift in Sources */,
				1B18C2E125116D4C00551C6D /* ProfileMainScreenViewModel.swift in Sources */,
				1B596F7024EC73530092770B /* SetupProfileViewController.swift in Sources */,
				1B6F5BE22518125C000FACD9 /* JoinToTeamViewModel.swift in Sources */,
				1B15EB4A252E0CD500E36E20 /* AcceptPlayersView.swift in Sources */,
				1B596F3324EC714C0092770B /* SceneDelegate.swift in Sources */,
				1B4467A6252419B0009E485E /* InWhichTeam.swift in Sources */,
				1B596FBD24EC73A90092770B /* ViewExtension.swift in Sources */,
				1B7F262C25098A5B0053E124 /* JoinToTeamView.swift in Sources */,
				1B4B0EE9250AB77F00EF701B /* PlayersID.swift in Sources */,
				1B596F9924EC739A0092770B /* UserError.swift in Sources */,
				1B596F7824EC73530092770B /* CaruselBodyFooTeam.swift in Sources */,
				1B596FBF24EC73A90092770B /* ImageViewExtension.swift in Sources */,
				1B453AB02501AA1800DA2DDA /* TeamsListener.swift in Sources */,
				1B596F9124EC73820092770B /* ListenerService.swift in Sources */,
			);
			runOnlyForDeploymentPostprocessing = 0;
		};
/* End PBXSourcesBuildPhase section */

/* Begin PBXVariantGroup section */
		1B596F3B24EC714E0092770B /* LaunchScreen.storyboard */ = {
			isa = PBXVariantGroup;
			children = (
				1B596F3C24EC714E0092770B /* Base */,
			);
			name = LaunchScreen.storyboard;
			sourceTree = "<group>";
		};
/* End PBXVariantGroup section */

/* Begin XCBuildConfiguration section */
		1B596F3F24EC714E0092770B /* Debug */ = {
			isa = XCBuildConfiguration;
			buildSettings = {
				ALWAYS_SEARCH_USER_PATHS = NO;
				CLANG_ANALYZER_NONNULL = YES;
				CLANG_ANALYZER_NUMBER_OBJECT_CONVERSION = YES_AGGRESSIVE;
				CLANG_CXX_LANGUAGE_STANDARD = "gnu++14";
				CLANG_CXX_LIBRARY = "libc++";
				CLANG_ENABLE_MODULES = YES;
				CLANG_ENABLE_OBJC_ARC = YES;
				CLANG_ENABLE_OBJC_WEAK = YES;
				CLANG_WARN_BLOCK_CAPTURE_AUTORELEASING = YES;
				CLANG_WARN_BOOL_CONVERSION = YES;
				CLANG_WARN_COMMA = YES;
				CLANG_WARN_CONSTANT_CONVERSION = YES;
				CLANG_WARN_DEPRECATED_OBJC_IMPLEMENTATIONS = YES;
				CLANG_WARN_DIRECT_OBJC_ISA_USAGE = YES_ERROR;
				CLANG_WARN_DOCUMENTATION_COMMENTS = YES;
				CLANG_WARN_EMPTY_BODY = YES;
				CLANG_WARN_ENUM_CONVERSION = YES;
				CLANG_WARN_INFINITE_RECURSION = YES;
				CLANG_WARN_INT_CONVERSION = YES;
				CLANG_WARN_NON_LITERAL_NULL_CONVERSION = YES;
				CLANG_WARN_OBJC_IMPLICIT_RETAIN_SELF = YES;
				CLANG_WARN_OBJC_LITERAL_CONVERSION = YES;
				CLANG_WARN_OBJC_ROOT_CLASS = YES_ERROR;
				CLANG_WARN_QUOTED_INCLUDE_IN_FRAMEWORK_HEADER = YES;
				CLANG_WARN_RANGE_LOOP_ANALYSIS = YES;
				CLANG_WARN_STRICT_PROTOTYPES = YES;
				CLANG_WARN_SUSPICIOUS_MOVE = YES;
				CLANG_WARN_UNGUARDED_AVAILABILITY = YES_AGGRESSIVE;
				CLANG_WARN_UNREACHABLE_CODE = YES;
				CLANG_WARN__DUPLICATE_METHOD_MATCH = YES;
				COPY_PHASE_STRIP = NO;
				DEBUG_INFORMATION_FORMAT = dwarf;
				ENABLE_STRICT_OBJC_MSGSEND = YES;
				ENABLE_TESTABILITY = YES;
				GCC_C_LANGUAGE_STANDARD = gnu11;
				GCC_DYNAMIC_NO_PIC = NO;
				GCC_NO_COMMON_BLOCKS = YES;
				GCC_OPTIMIZATION_LEVEL = 0;
				GCC_PREPROCESSOR_DEFINITIONS = (
					"DEBUG=1",
					"$(inherited)",
				);
				GCC_WARN_64_TO_32_BIT_CONVERSION = YES;
				GCC_WARN_ABOUT_RETURN_TYPE = YES_ERROR;
				GCC_WARN_UNDECLARED_SELECTOR = YES;
				GCC_WARN_UNINITIALIZED_AUTOS = YES_AGGRESSIVE;
				GCC_WARN_UNUSED_FUNCTION = YES;
				GCC_WARN_UNUSED_VARIABLE = YES;
				IPHONEOS_DEPLOYMENT_TARGET = 14.0;
				MTL_ENABLE_DEBUG_INFO = INCLUDE_SOURCE;
				MTL_FAST_MATH = YES;
				ONLY_ACTIVE_ARCH = YES;
				SDKROOT = iphoneos;
				SWIFT_ACTIVE_COMPILATION_CONDITIONS = DEBUG;
				SWIFT_OPTIMIZATION_LEVEL = "-Onone";
			};
			name = Debug;
		};
		1B596F4024EC714E0092770B /* Release */ = {
			isa = XCBuildConfiguration;
			buildSettings = {
				ALWAYS_SEARCH_USER_PATHS = NO;
				CLANG_ANALYZER_NONNULL = YES;
				CLANG_ANALYZER_NUMBER_OBJECT_CONVERSION = YES_AGGRESSIVE;
				CLANG_CXX_LANGUAGE_STANDARD = "gnu++14";
				CLANG_CXX_LIBRARY = "libc++";
				CLANG_ENABLE_MODULES = YES;
				CLANG_ENABLE_OBJC_ARC = YES;
				CLANG_ENABLE_OBJC_WEAK = YES;
				CLANG_WARN_BLOCK_CAPTURE_AUTORELEASING = YES;
				CLANG_WARN_BOOL_CONVERSION = YES;
				CLANG_WARN_COMMA = YES;
				CLANG_WARN_CONSTANT_CONVERSION = YES;
				CLANG_WARN_DEPRECATED_OBJC_IMPLEMENTATIONS = YES;
				CLANG_WARN_DIRECT_OBJC_ISA_USAGE = YES_ERROR;
				CLANG_WARN_DOCUMENTATION_COMMENTS = YES;
				CLANG_WARN_EMPTY_BODY = YES;
				CLANG_WARN_ENUM_CONVERSION = YES;
				CLANG_WARN_INFINITE_RECURSION = YES;
				CLANG_WARN_INT_CONVERSION = YES;
				CLANG_WARN_NON_LITERAL_NULL_CONVERSION = YES;
				CLANG_WARN_OBJC_IMPLICIT_RETAIN_SELF = YES;
				CLANG_WARN_OBJC_LITERAL_CONVERSION = YES;
				CLANG_WARN_OBJC_ROOT_CLASS = YES_ERROR;
				CLANG_WARN_QUOTED_INCLUDE_IN_FRAMEWORK_HEADER = YES;
				CLANG_WARN_RANGE_LOOP_ANALYSIS = YES;
				CLANG_WARN_STRICT_PROTOTYPES = YES;
				CLANG_WARN_SUSPICIOUS_MOVE = YES;
				CLANG_WARN_UNGUARDED_AVAILABILITY = YES_AGGRESSIVE;
				CLANG_WARN_UNREACHABLE_CODE = YES;
				CLANG_WARN__DUPLICATE_METHOD_MATCH = YES;
				COPY_PHASE_STRIP = NO;
				DEBUG_INFORMATION_FORMAT = "dwarf-with-dsym";
				ENABLE_NS_ASSERTIONS = NO;
				ENABLE_STRICT_OBJC_MSGSEND = YES;
				GCC_C_LANGUAGE_STANDARD = gnu11;
				GCC_NO_COMMON_BLOCKS = YES;
				GCC_WARN_64_TO_32_BIT_CONVERSION = YES;
				GCC_WARN_ABOUT_RETURN_TYPE = YES_ERROR;
				GCC_WARN_UNDECLARED_SELECTOR = YES;
				GCC_WARN_UNINITIALIZED_AUTOS = YES_AGGRESSIVE;
				GCC_WARN_UNUSED_FUNCTION = YES;
				GCC_WARN_UNUSED_VARIABLE = YES;
				IPHONEOS_DEPLOYMENT_TARGET = 14.0;
				MTL_ENABLE_DEBUG_INFO = NO;
				MTL_FAST_MATH = YES;
				SDKROOT = iphoneos;
				SWIFT_COMPILATION_MODE = wholemodule;
				SWIFT_OPTIMIZATION_LEVEL = "-O";
				VALIDATE_PRODUCT = YES;
			};
			name = Release;
		};
		1B596F4224EC714E0092770B /* Debug */ = {
			isa = XCBuildConfiguration;
			baseConfigurationReference = 31547FB1B37B719FC927882A /* Pods-FooTeam.debug.xcconfig */;
			buildSettings = {
				ASSETCATALOG_COMPILER_APPICON_NAME = AppIcon;
				CODE_SIGN_ENTITLEMENTS = FooTeam/FooTeam.entitlements;
				CODE_SIGN_STYLE = Automatic;
				CURRENT_PROJECT_VERSION = 7;
				DEVELOPMENT_TEAM = 34VDSPZYU9;
				INFOPLIST_FILE = "$(SRCROOT)/FooTeam/App/Info.plist";
				IPHONEOS_DEPLOYMENT_TARGET = 14.0;
				LD_RUNPATH_SEARCH_PATHS = (
					"$(inherited)",
					"@executable_path/Frameworks",
				);
				MARKETING_VERSION = 1.1.2;
				PRODUCT_BUNDLE_IDENTIFIER = "Vitalii-Sosin.FooTeam";
				PRODUCT_NAME = "$(TARGET_NAME)";
				SWIFT_VERSION = 5.0;
				TARGETED_DEVICE_FAMILY = 1;
			};
			name = Debug;
		};
		1B596F4324EC714E0092770B /* Release */ = {
			isa = XCBuildConfiguration;
			baseConfigurationReference = 6A1085B3817BBDFDF757C0A8 /* Pods-FooTeam.release.xcconfig */;
			buildSettings = {
				ASSETCATALOG_COMPILER_APPICON_NAME = AppIcon;
				CODE_SIGN_ENTITLEMENTS = FooTeam/FooTeam.entitlements;
				CODE_SIGN_STYLE = Automatic;
				CURRENT_PROJECT_VERSION = 7;
				DEVELOPMENT_TEAM = 34VDSPZYU9;
				INFOPLIST_FILE = "$(SRCROOT)/FooTeam/App/Info.plist";
				IPHONEOS_DEPLOYMENT_TARGET = 14.0;
				LD_RUNPATH_SEARCH_PATHS = (
					"$(inherited)",
					"@executable_path/Frameworks",
				);
				MARKETING_VERSION = 1.1.2;
				PRODUCT_BUNDLE_IDENTIFIER = "Vitalii-Sosin.FooTeam";
				PRODUCT_NAME = "$(TARGET_NAME)";
				SWIFT_VERSION = 5.0;
				TARGETED_DEVICE_FAMILY = 1;
			};
			name = Release;
		};
/* End XCBuildConfiguration section */

/* Begin XCConfigurationList section */
		1B596F2824EC714B0092770B /* Build configuration list for PBXProject "FooTeam" */ = {
			isa = XCConfigurationList;
			buildConfigurations = (
				1B596F3F24EC714E0092770B /* Debug */,
				1B596F4024EC714E0092770B /* Release */,
			);
			defaultConfigurationIsVisible = 0;
			defaultConfigurationName = Release;
		};
		1B596F4124EC714E0092770B /* Build configuration list for PBXNativeTarget "FooTeam" */ = {
			isa = XCConfigurationList;
			buildConfigurations = (
				1B596F4224EC714E0092770B /* Debug */,
				1B596F4324EC714E0092770B /* Release */,
			);
			defaultConfigurationIsVisible = 0;
			defaultConfigurationName = Release;
		};
/* End XCConfigurationList section */
	};
	rootObject = 1B596F2524EC714B0092770B /* Project object */;
}
